
Microsoft Visual Studio Solution File, Format Version 12.00
# Visual Studio Version 17
VisualStudioVersion = 17.5.33530.505
MinimumVisualStudioVersion = 10.0.40219.1
Project("{FAE04EC0-301F-11D3-BF4B-00C04F79EFBC}") = "DNP.ServiciosNegocio.Test", "DNP.ServiciosNegocio.Test\DNP.ServiciosNegocio.Test.csproj", "{1240B59E-B6BD-4AD2-A509-C163646F6CE6}"
EndProject
Project("{FAE04EC0-301F-11D3-BF4B-00C04F79EFBC}") = "DNP.ServiciosNegocio.Web.API", "DNP.ServiciosNegocio.Web.API\DNP.ServiciosNegocio.Web.API.csproj", "{B25F5746-AC7A-411A-9CF6-B4D08C147EA4}"
EndProject
Project("{FAE04EC0-301F-11D3-BF4B-00C04F79EFBC}") = "DNP.ServiciosNegocio.Web.API.Test", "DNP.ServiciosNegocio.Web.API.Test\DNP.ServiciosNegocio.Web.API.Test.csproj", "{EF8E601C-783D-4470-A8F8-F07A3463E3B1}"
EndProject
Project("{FAE04EC0-301F-11D3-BF4B-00C04F79EFBC}") = "DNP.ServiciosNegocio.Comunes", "DNP.ServiciosNegocio.Comunes\DNP.ServiciosNegocio.Comunes.csproj", "{B20F5062-15B9-49E4-88C5-79F109F947EF}"
EndProject
Project("{FAE04EC0-301F-11D3-BF4B-00C04F79EFBC}") = "DNP.ServiciosNegocio.Dominio", "DNP.ServiciosNegocio.Dominio\DNP.ServiciosNegocio.Dominio.csproj", "{694221D1-E217-4D2E-87E3-B196C4C6BE94}"
EndProject
Project("{FAE04EC0-301F-11D3-BF4B-00C04F79EFBC}") = "DNP.ServiciosNegocio.Persistencia", "DNP.ServiciosNegocio.Persistencia\DNP.ServiciosNegocio.Persistencia.csproj", "{8FFDC6BE-E5EA-4DCE-B91C-F22747128A8D}"
EndProject
Project("{FAE04EC0-301F-11D3-BF4B-00C04F79EFBC}") = "DNP.ServiciosNegocio.Servicios", "DNP.ServiciosNegocio.Servicios\DNP.ServiciosNegocio.Servicios.csproj", "{B54C4CB8-E564-49B9-B2D8-38CB8E585F41}"
EndProject
Project("{FAE04EC0-301F-11D3-BF4B-00C04F79EFBC}") = "DNP.CargaArchivos.Dominio", "DNP.CargaArchivos.Dominio\DNP.CargaArchivos.Dominio.csproj", "{C1D6E647-C34D-4DB5-ADA8-6EF5A6527E0C}"
EndProject
Project("{FAE04EC0-301F-11D3-BF4B-00C04F79EFBC}") = "DNP.CargaArchivos.Servicios", "DNP.CargaArchivos.Servicios\DNP.CargaArchivos.Servicios.csproj", "{0128ADFA-DFCB-4CBD-AFEE-941388BE7D7D}"
EndProject
Project("{FAE04EC0-301F-11D3-BF4B-00C04F79EFBC}") = "DNP.CargaArchivos.Web.API", "DNP.CargaArchivos.Web.API\DNP.CargaArchivos.Web.API.csproj", "{5BE5DD8C-A7BF-430B-A4C4-94A22795D4C2}"
EndProject
Project("{2150E333-8FDC-42A3-9474-1A3956D46DE8}") = "ControlCarga", "ControlCarga", "{2DB3135E-87FE-4335-8E96-E614DE454EF3}"
EndProject
Project("{2150E333-8FDC-42A3-9474-1A3956D46DE8}") = "Negocio", "Negocio", "{084BD1F2-29FD-46F2-B35F-6674DF7C7185}"
EndProject
Project("{2150E333-8FDC-42A3-9474-1A3956D46DE8}") = "WBS", "WBS", "{7C9CCEFD-88E9-413A-82CB-2CCC6C0B7DDA}"
EndProject
Project("{2150E333-8FDC-42A3-9474-1A3956D46DE8}") = "Enrutamiento", "Enrutamiento", "{A07E6030-9FCC-4A52-8157-AFA6D7EBEBF7}"
EndProject
Project("{2150E333-8FDC-42A3-9474-1A3956D46DE8}") = "Transaccional", "Transaccional", "{81B27854-9D48-4921-98B9-D4ABB7FEB8AF}"
EndProject
Project("{FAE04EC0-301F-11D3-BF4B-00C04F79EFBC}") = "DNP.ServiciosEnrutamiento.Persistencia", "DNP.ServiciosEnrutamiento.Persistencia\DNP.ServiciosEnrutamiento.Persistencia.csproj", "{3865D2BB-F1A1-4041-A541-94641694FEB6}"
EndProject
Project("{FAE04EC0-301F-11D3-BF4B-00C04F79EFBC}") = "DNP.ServiciosEnrutamiento.Servicios", "DNP.ServiciosEnrutamiento.Servicios\DNP.ServiciosEnrutamiento.Servicios.csproj", "{3451A44F-3564-425F-B23F-C80391250C85}"
EndProject
Project("{FAE04EC0-301F-11D3-BF4B-00C04F79EFBC}") = "DNP.ServiciosEnrutamiento.Test", "DNP.ServiciosEnrutamiento.Test\DNP.ServiciosEnrutamiento.Test.csproj", "{09D3031D-4E8D-400B-B0DD-5815E073B35B}"
EndProject
Project("{FAE04EC0-301F-11D3-BF4B-00C04F79EFBC}") = "DNP.ServiciosTransaccional.Persistencia", "DNP.ServiciosTransaccional.Persistencia\DNP.ServiciosTransaccional.Persistencia.csproj", "{3B3E24B5-7ADE-41A4-84B5-3F4683DFFA90}"
EndProject
Project("{FAE04EC0-301F-11D3-BF4B-00C04F79EFBC}") = "DNP.ServiciosTransaccional.Servicios", "DNP.ServiciosTransaccional.Servicios\DNP.ServiciosTransaccional.Servicios.csproj", "{C1345774-D0C4-4626-8E1D-1FB6BA1EBF33}"
EndProject
Project("{FAE04EC0-301F-11D3-BF4B-00C04F79EFBC}") = "DNP.ServiciosTransaccional.Test", "DNP.ServiciosTransaccional.Test\DNP.ServiciosTransaccional.Test.csproj", "{FFFEC809-9A46-4A64-B32C-8A9DBBC08383}"
EndProject
Project("{FAE04EC0-301F-11D3-BF4B-00C04F79EFBC}") = "DNP.ServiciosEnrutamiento.Web.API", "DNP.ServiciosEnrutamiento.Web.API\DNP.ServiciosEnrutamiento.Web.API.csproj", "{1DD92927-CFEA-4C6B-9571-47D7CFAD5080}"
EndProject
Project("{FAE04EC0-301F-11D3-BF4B-00C04F79EFBC}") = "DNP.ServiciosEnrutamiento.Web.API.Tests", "DNP.ServiciosEnrutamiento.Web.API.Tests\DNP.ServiciosEnrutamiento.Web.API.Tests.csproj", "{5C3BBC14-EC98-4691-B57B-1CF8D9B03C61}"
EndProject
Project("{FAE04EC0-301F-11D3-BF4B-00C04F79EFBC}") = "DNP.ServiciosTransaccional.Web.API", "DNP.ServiciosTransaccional.Web.API\DNP.ServiciosTransaccional.Web.API.csproj", "{33E29BD9-7BE5-4215-A571-54FFFFE15BDB}"
EndProject
Project("{FAE04EC0-301F-11D3-BF4B-00C04F79EFBC}") = "DNP.ServiciosTransaccional.Web.API.Test", "DNP.ServiciosTransaccional.Web.API.Tests\DNP.ServiciosTransaccional.Web.API.Test.csproj", "{B7DCF056-3271-481F-9AB8-9E301EB79949}"
EndProject
Project("{FAE04EC0-301F-11D3-BF4B-00C04F79EFBC}") = "DNP.ServiciosWBS.Web.API.Tests", "DNP.ServiciosWBS.Web.API.Tests\DNP.ServiciosWBS.Web.API.Tests.csproj", "{C1E0F593-E010-4932-9FF3-4E0CAE2A71FC}"
EndProject
Project("{FAE04EC0-301F-11D3-BF4B-00C04F79EFBC}") = "DNP.ServiciosWBS.Persistencia", "DNP.ServiciosWBS.Persistencia\DNP.ServiciosWBS.Persistencia.csproj", "{DBE1BC0F-E99D-4F10-85FA-59A9D6E95793}"
EndProject
Project("{FAE04EC0-301F-11D3-BF4B-00C04F79EFBC}") = "DNP.ServiciosWBS.Servicios", "DNP.ServiciosWBS.Servicios\DNP.ServiciosWBS.Servicios.csproj", "{600D9DA1-E31B-475C-AE02-E6D6419E66E8}"
EndProject
Project("{FAE04EC0-301F-11D3-BF4B-00C04F79EFBC}") = "DNP.ServiciosWBS.Test", "DNP.ServiciosWBS.Test\DNP.ServiciosWBS.Test.csproj", "{5DC1D82B-36A0-4066-B9A9-CBCF75F92DF8}"
EndProject
Project("{FAE04EC0-301F-11D3-BF4B-00C04F79EFBC}") = "DNP.ServiciosWBS.Web.API", "DNP.ServiciosWBS.Web.API\DNP.ServiciosWBS.Web.API.csproj", "{417FA7E6-F744-4D72-B6FD-A0FB6EB418D3}"
EndProject
Project("{FAE04EC0-301F-11D3-BF4B-00C04F79EFBC}") = "DNP.CargaArchivos.Web.API.Test", "DNP.CargaArchivos.Web.API.Test\DNP.CargaArchivos.Web.API.Test.csproj", "{48547BCF-3EAF-441E-A193-546726BBDF0A}"
EndProject
Project("{2150E333-8FDC-42A3-9474-1A3956D46DE8}") = "EncabezadoPie", "EncabezadoPie", "{5529DD1F-F036-4699-B83F-F29069A8C188}"
EndProject
Project("{FAE04EC0-301F-11D3-BF4B-00C04F79EFBC}") = "DNP.EncabezadoPie.Persistencia", "DNP.EncabezadoPie.Persistencia\DNP.EncabezadoPie.Persistencia.csproj", "{494B82F2-711C-40D8-B098-551501EFA622}"
EndProject
Project("{FAE04EC0-301F-11D3-BF4B-00C04F79EFBC}") = "DNP.EncabezadoPie.Dominio", "DNP.EncabezadoPie.Dominio\DNP.EncabezadoPie.Dominio.csproj", "{E912E815-02AD-44D6-AA11-B826185806D2}"
EndProject
Project("{FAE04EC0-301F-11D3-BF4B-00C04F79EFBC}") = "DNP.EncabezadoPie.Servicios", "DNP.EncabezadoPie.Servicios\DNP.EncabezadoPie.Servicios.csproj", "{6643242F-6144-41F7-8AED-7227DA6835A3}"
EndProject
Project("{FAE04EC0-301F-11D3-BF4B-00C04F79EFBC}") = "DNP.EncabezadoPie.Web.API", "DNP.EncabezadoPie.Web.API\DNP.EncabezadoPie.Web.API.csproj", "{0F6B6636-A70B-407D-AFED-3E34FA8D76B0}"
EndProject
Project("{FAE04EC0-301F-11D3-BF4B-00C04F79EFBC}") = "DNP.EncabezadoPie.Web.API.Test", "DNP.EncabezadoPie.Web.API.Test\DNP.EncabezadoPie.Web.API.Test.csproj", "{FC73B8A2-BA5C-4172-B927-1828C024DCC1}"
EndProject
Global
	GlobalSection(SolutionConfigurationPlatforms) = preSolution
		Debug|Any CPU = Debug|Any CPU
		Dev|Any CPU = Dev|Any CPU
		DevNT|Any CPU = DevNT|Any CPU
		Local|Any CPU = Local|Any CPU
		QA|Any CPU = QA|Any CPU
		QA2|Any CPU = QA2|Any CPU
		QA3|Any CPU = QA3|Any CPU
		QA4|Any CPU = QA4|Any CPU
		Release|Any CPU = Release|Any CPU
		SGR|Any CPU = SGR|Any CPU
		UAT|Any CPU = UAT|Any CPU
		UatNT|Any CPU = UatNT|Any CPU
		UATSGR|Any CPU = UATSGR|Any CPU
	EndGlobalSection
	GlobalSection(ProjectConfigurationPlatforms) = postSolution
		{1240B59E-B6BD-4AD2-A509-C163646F6CE6}.Debug|Any CPU.ActiveCfg = Debug|Any CPU
		{1240B59E-B6BD-4AD2-A509-C163646F6CE6}.Debug|Any CPU.Build.0 = Debug|Any CPU
		{1240B59E-B6BD-4AD2-A509-C163646F6CE6}.Dev|Any CPU.ActiveCfg = Dev|Any CPU
		{1240B59E-B6BD-4AD2-A509-C163646F6CE6}.Dev|Any CPU.Build.0 = Dev|Any CPU
		{1240B59E-B6BD-4AD2-A509-C163646F6CE6}.DevNT|Any CPU.ActiveCfg = DevNT|Any CPU
		{1240B59E-B6BD-4AD2-A509-C163646F6CE6}.DevNT|Any CPU.Build.0 = DevNT|Any CPU
		{1240B59E-B6BD-4AD2-A509-C163646F6CE6}.Local|Any CPU.ActiveCfg = Local|Any CPU
		{1240B59E-B6BD-4AD2-A509-C163646F6CE6}.Local|Any CPU.Build.0 = Local|Any CPU
		{1240B59E-B6BD-4AD2-A509-C163646F6CE6}.QA|Any CPU.ActiveCfg = QA|Any CPU
		{1240B59E-B6BD-4AD2-A509-C163646F6CE6}.QA|Any CPU.Build.0 = QA|Any CPU
		{1240B59E-B6BD-4AD2-A509-C163646F6CE6}.QA2|Any CPU.ActiveCfg = QA2|Any CPU
		{1240B59E-B6BD-4AD2-A509-C163646F6CE6}.QA2|Any CPU.Build.0 = QA2|Any CPU
		{1240B59E-B6BD-4AD2-A509-C163646F6CE6}.QA3|Any CPU.ActiveCfg = QA3|Any CPU
		{1240B59E-B6BD-4AD2-A509-C163646F6CE6}.QA3|Any CPU.Build.0 = QA3|Any CPU
		{1240B59E-B6BD-4AD2-A509-C163646F6CE6}.QA4|Any CPU.ActiveCfg = QA4|Any CPU
		{1240B59E-B6BD-4AD2-A509-C163646F6CE6}.QA4|Any CPU.Build.0 = QA4|Any CPU
		{1240B59E-B6BD-4AD2-A509-C163646F6CE6}.Release|Any CPU.ActiveCfg = Release|Any CPU
		{1240B59E-B6BD-4AD2-A509-C163646F6CE6}.Release|Any CPU.Build.0 = Release|Any CPU
		{1240B59E-B6BD-4AD2-A509-C163646F6CE6}.SGR|Any CPU.ActiveCfg = SGR|Any CPU
		{1240B59E-B6BD-4AD2-A509-C163646F6CE6}.SGR|Any CPU.Build.0 = SGR|Any CPU
		{1240B59E-B6BD-4AD2-A509-C163646F6CE6}.UAT|Any CPU.ActiveCfg = UAT|Any CPU
		{1240B59E-B6BD-4AD2-A509-C163646F6CE6}.UAT|Any CPU.Build.0 = UAT|Any CPU
		{1240B59E-B6BD-4AD2-A509-C163646F6CE6}.UatNT|Any CPU.ActiveCfg = UatNT|Any CPU
		{1240B59E-B6BD-4AD2-A509-C163646F6CE6}.UatNT|Any CPU.Build.0 = UatNT|Any CPU
		{1240B59E-B6BD-4AD2-A509-C163646F6CE6}.UATSGR|Any CPU.ActiveCfg = UATSGR|Any CPU
		{1240B59E-B6BD-4AD2-A509-C163646F6CE6}.UATSGR|Any CPU.Build.0 = UATSGR|Any CPU
		{B25F5746-AC7A-411A-9CF6-B4D08C147EA4}.Debug|Any CPU.ActiveCfg = Debug|Any CPU
		{B25F5746-AC7A-411A-9CF6-B4D08C147EA4}.Debug|Any CPU.Build.0 = Debug|Any CPU
		{B25F5746-AC7A-411A-9CF6-B4D08C147EA4}.Dev|Any CPU.ActiveCfg = Dev|Any CPU
		{B25F5746-AC7A-411A-9CF6-B4D08C147EA4}.Dev|Any CPU.Build.0 = Dev|Any CPU
		{B25F5746-AC7A-411A-9CF6-B4D08C147EA4}.DevNT|Any CPU.ActiveCfg = DevNT|Any CPU
		{B25F5746-AC7A-411A-9CF6-B4D08C147EA4}.DevNT|Any CPU.Build.0 = DevNT|Any CPU
		{B25F5746-AC7A-411A-9CF6-B4D08C147EA4}.Local|Any CPU.ActiveCfg = Local|Any CPU
		{B25F5746-AC7A-411A-9CF6-B4D08C147EA4}.Local|Any CPU.Build.0 = Local|Any CPU
		{B25F5746-AC7A-411A-9CF6-B4D08C147EA4}.QA|Any CPU.ActiveCfg = Qa|Any CPU
		{B25F5746-AC7A-411A-9CF6-B4D08C147EA4}.QA|Any CPU.Build.0 = Qa|Any CPU
		{B25F5746-AC7A-411A-9CF6-B4D08C147EA4}.QA2|Any CPU.ActiveCfg = QA2|Any CPU
		{B25F5746-AC7A-411A-9CF6-B4D08C147EA4}.QA2|Any CPU.Build.0 = QA2|Any CPU
		{B25F5746-AC7A-411A-9CF6-B4D08C147EA4}.QA3|Any CPU.ActiveCfg = QA3|Any CPU
		{B25F5746-AC7A-411A-9CF6-B4D08C147EA4}.QA3|Any CPU.Build.0 = QA3|Any CPU
		{B25F5746-AC7A-411A-9CF6-B4D08C147EA4}.QA4|Any CPU.ActiveCfg = QA4|Any CPU
		{B25F5746-AC7A-411A-9CF6-B4D08C147EA4}.QA4|Any CPU.Build.0 = QA4|Any CPU
		{B25F5746-AC7A-411A-9CF6-B4D08C147EA4}.Release|Any CPU.ActiveCfg = Release|Any CPU
		{B25F5746-AC7A-411A-9CF6-B4D08C147EA4}.Release|Any CPU.Build.0 = Release|Any CPU
		{B25F5746-AC7A-411A-9CF6-B4D08C147EA4}.SGR|Any CPU.ActiveCfg = SGR|Any CPU
		{B25F5746-AC7A-411A-9CF6-B4D08C147EA4}.SGR|Any CPU.Build.0 = SGR|Any CPU
		{B25F5746-AC7A-411A-9CF6-B4D08C147EA4}.UAT|Any CPU.ActiveCfg = Uat|Any CPU
		{B25F5746-AC7A-411A-9CF6-B4D08C147EA4}.UAT|Any CPU.Build.0 = Uat|Any CPU
		{B25F5746-AC7A-411A-9CF6-B4D08C147EA4}.UatNT|Any CPU.ActiveCfg = UatNT|Any CPU
		{B25F5746-AC7A-411A-9CF6-B4D08C147EA4}.UatNT|Any CPU.Build.0 = UatNT|Any CPU
		{B25F5746-AC7A-411A-9CF6-B4D08C147EA4}.UATSGR|Any CPU.ActiveCfg = UATSGR|Any CPU
		{B25F5746-AC7A-411A-9CF6-B4D08C147EA4}.UATSGR|Any CPU.Build.0 = UATSGR|Any CPU
		{EF8E601C-783D-4470-A8F8-F07A3463E3B1}.Debug|Any CPU.ActiveCfg = Debug|Any CPU
		{EF8E601C-783D-4470-A8F8-F07A3463E3B1}.Debug|Any CPU.Build.0 = Debug|Any CPU
		{EF8E601C-783D-4470-A8F8-F07A3463E3B1}.Dev|Any CPU.ActiveCfg = Dev|Any CPU
		{EF8E601C-783D-4470-A8F8-F07A3463E3B1}.Dev|Any CPU.Build.0 = Dev|Any CPU
		{EF8E601C-783D-4470-A8F8-F07A3463E3B1}.DevNT|Any CPU.ActiveCfg = DevNT|Any CPU
		{EF8E601C-783D-4470-A8F8-F07A3463E3B1}.DevNT|Any CPU.Build.0 = DevNT|Any CPU
		{EF8E601C-783D-4470-A8F8-F07A3463E3B1}.Local|Any CPU.ActiveCfg = Local|Any CPU
		{EF8E601C-783D-4470-A8F8-F07A3463E3B1}.Local|Any CPU.Build.0 = Local|Any CPU
		{EF8E601C-783D-4470-A8F8-F07A3463E3B1}.QA|Any CPU.ActiveCfg = QA|Any CPU
		{EF8E601C-783D-4470-A8F8-F07A3463E3B1}.QA|Any CPU.Build.0 = QA|Any CPU
		{EF8E601C-783D-4470-A8F8-F07A3463E3B1}.QA2|Any CPU.ActiveCfg = QA2|Any CPU
		{EF8E601C-783D-4470-A8F8-F07A3463E3B1}.QA2|Any CPU.Build.0 = QA2|Any CPU
		{EF8E601C-783D-4470-A8F8-F07A3463E3B1}.QA3|Any CPU.ActiveCfg = QA3|Any CPU
		{EF8E601C-783D-4470-A8F8-F07A3463E3B1}.QA3|Any CPU.Build.0 = QA3|Any CPU
		{EF8E601C-783D-4470-A8F8-F07A3463E3B1}.QA4|Any CPU.ActiveCfg = QA4|Any CPU
		{EF8E601C-783D-4470-A8F8-F07A3463E3B1}.QA4|Any CPU.Build.0 = QA4|Any CPU
		{EF8E601C-783D-4470-A8F8-F07A3463E3B1}.Release|Any CPU.ActiveCfg = Release|Any CPU
		{EF8E601C-783D-4470-A8F8-F07A3463E3B1}.Release|Any CPU.Build.0 = Release|Any CPU
		{EF8E601C-783D-4470-A8F8-F07A3463E3B1}.SGR|Any CPU.ActiveCfg = SGR|Any CPU
		{EF8E601C-783D-4470-A8F8-F07A3463E3B1}.SGR|Any CPU.Build.0 = SGR|Any CPU
		{EF8E601C-783D-4470-A8F8-F07A3463E3B1}.UAT|Any CPU.ActiveCfg = UAT|Any CPU
		{EF8E601C-783D-4470-A8F8-F07A3463E3B1}.UAT|Any CPU.Build.0 = UAT|Any CPU
		{EF8E601C-783D-4470-A8F8-F07A3463E3B1}.UatNT|Any CPU.ActiveCfg = UatNT|Any CPU
		{EF8E601C-783D-4470-A8F8-F07A3463E3B1}.UatNT|Any CPU.Build.0 = UatNT|Any CPU
		{EF8E601C-783D-4470-A8F8-F07A3463E3B1}.UATSGR|Any CPU.ActiveCfg = UATSGR|Any CPU
		{EF8E601C-783D-4470-A8F8-F07A3463E3B1}.UATSGR|Any CPU.Build.0 = UATSGR|Any CPU
		{B20F5062-15B9-49E4-88C5-79F109F947EF}.Debug|Any CPU.ActiveCfg = Debug|Any CPU
		{B20F5062-15B9-49E4-88C5-79F109F947EF}.Debug|Any CPU.Build.0 = Debug|Any CPU
		{B20F5062-15B9-49E4-88C5-79F109F947EF}.Dev|Any CPU.ActiveCfg = Dev|Any CPU
		{B20F5062-15B9-49E4-88C5-79F109F947EF}.Dev|Any CPU.Build.0 = Dev|Any CPU
		{B20F5062-15B9-49E4-88C5-79F109F947EF}.DevNT|Any CPU.ActiveCfg = DevNT|Any CPU
		{B20F5062-15B9-49E4-88C5-79F109F947EF}.DevNT|Any CPU.Build.0 = DevNT|Any CPU
		{B20F5062-15B9-49E4-88C5-79F109F947EF}.Local|Any CPU.ActiveCfg = Local|Any CPU
		{B20F5062-15B9-49E4-88C5-79F109F947EF}.Local|Any CPU.Build.0 = Local|Any CPU
		{B20F5062-15B9-49E4-88C5-79F109F947EF}.QA|Any CPU.ActiveCfg = QA|Any CPU
		{B20F5062-15B9-49E4-88C5-79F109F947EF}.QA|Any CPU.Build.0 = QA|Any CPU
		{B20F5062-15B9-49E4-88C5-79F109F947EF}.QA2|Any CPU.ActiveCfg = QA2|Any CPU
		{B20F5062-15B9-49E4-88C5-79F109F947EF}.QA2|Any CPU.Build.0 = QA2|Any CPU
		{B20F5062-15B9-49E4-88C5-79F109F947EF}.QA3|Any CPU.ActiveCfg = QA3|Any CPU
		{B20F5062-15B9-49E4-88C5-79F109F947EF}.QA3|Any CPU.Build.0 = QA3|Any CPU
		{B20F5062-15B9-49E4-88C5-79F109F947EF}.QA4|Any CPU.ActiveCfg = QA4|Any CPU
		{B20F5062-15B9-49E4-88C5-79F109F947EF}.QA4|Any CPU.Build.0 = QA4|Any CPU
		{B20F5062-15B9-49E4-88C5-79F109F947EF}.Release|Any CPU.ActiveCfg = Release|Any CPU
		{B20F5062-15B9-49E4-88C5-79F109F947EF}.Release|Any CPU.Build.0 = Release|Any CPU
		{B20F5062-15B9-49E4-88C5-79F109F947EF}.SGR|Any CPU.ActiveCfg = SGR|Any CPU
		{B20F5062-15B9-49E4-88C5-79F109F947EF}.SGR|Any CPU.Build.0 = SGR|Any CPU
		{B20F5062-15B9-49E4-88C5-79F109F947EF}.UAT|Any CPU.ActiveCfg = UAT|Any CPU
		{B20F5062-15B9-49E4-88C5-79F109F947EF}.UAT|Any CPU.Build.0 = UAT|Any CPU
		{B20F5062-15B9-49E4-88C5-79F109F947EF}.UatNT|Any CPU.ActiveCfg = UatNT|Any CPU
		{B20F5062-15B9-49E4-88C5-79F109F947EF}.UatNT|Any CPU.Build.0 = UatNT|Any CPU
		{B20F5062-15B9-49E4-88C5-79F109F947EF}.UATSGR|Any CPU.ActiveCfg = UATSGR|Any CPU
		{B20F5062-15B9-49E4-88C5-79F109F947EF}.UATSGR|Any CPU.Build.0 = UATSGR|Any CPU
		{694221D1-E217-4D2E-87E3-B196C4C6BE94}.Debug|Any CPU.ActiveCfg = Debug|Any CPU
		{694221D1-E217-4D2E-87E3-B196C4C6BE94}.Debug|Any CPU.Build.0 = Debug|Any CPU
		{694221D1-E217-4D2E-87E3-B196C4C6BE94}.Dev|Any CPU.ActiveCfg = Dev|Any CPU
		{694221D1-E217-4D2E-87E3-B196C4C6BE94}.Dev|Any CPU.Build.0 = Dev|Any CPU
		{694221D1-E217-4D2E-87E3-B196C4C6BE94}.DevNT|Any CPU.ActiveCfg = DevNT|Any CPU
		{694221D1-E217-4D2E-87E3-B196C4C6BE94}.DevNT|Any CPU.Build.0 = DevNT|Any CPU
		{694221D1-E217-4D2E-87E3-B196C4C6BE94}.Local|Any CPU.ActiveCfg = Local|Any CPU
		{694221D1-E217-4D2E-87E3-B196C4C6BE94}.Local|Any CPU.Build.0 = Local|Any CPU
		{694221D1-E217-4D2E-87E3-B196C4C6BE94}.QA|Any CPU.ActiveCfg = QA|Any CPU
		{694221D1-E217-4D2E-87E3-B196C4C6BE94}.QA|Any CPU.Build.0 = QA|Any CPU
		{694221D1-E217-4D2E-87E3-B196C4C6BE94}.QA2|Any CPU.ActiveCfg = QA2|Any CPU
		{694221D1-E217-4D2E-87E3-B196C4C6BE94}.QA2|Any CPU.Build.0 = QA2|Any CPU
		{694221D1-E217-4D2E-87E3-B196C4C6BE94}.QA3|Any CPU.ActiveCfg = QA3|Any CPU
		{694221D1-E217-4D2E-87E3-B196C4C6BE94}.QA3|Any CPU.Build.0 = QA3|Any CPU
		{694221D1-E217-4D2E-87E3-B196C4C6BE94}.QA4|Any CPU.ActiveCfg = QA4|Any CPU
		{694221D1-E217-4D2E-87E3-B196C4C6BE94}.QA4|Any CPU.Build.0 = QA4|Any CPU
		{694221D1-E217-4D2E-87E3-B196C4C6BE94}.Release|Any CPU.ActiveCfg = Release|Any CPU
		{694221D1-E217-4D2E-87E3-B196C4C6BE94}.Release|Any CPU.Build.0 = Release|Any CPU
		{694221D1-E217-4D2E-87E3-B196C4C6BE94}.SGR|Any CPU.ActiveCfg = SGR|Any CPU
		{694221D1-E217-4D2E-87E3-B196C4C6BE94}.SGR|Any CPU.Build.0 = SGR|Any CPU
		{694221D1-E217-4D2E-87E3-B196C4C6BE94}.UAT|Any CPU.ActiveCfg = UAT|Any CPU
		{694221D1-E217-4D2E-87E3-B196C4C6BE94}.UAT|Any CPU.Build.0 = UAT|Any CPU
		{694221D1-E217-4D2E-87E3-B196C4C6BE94}.UatNT|Any CPU.ActiveCfg = UatNT|Any CPU
		{694221D1-E217-4D2E-87E3-B196C4C6BE94}.UatNT|Any CPU.Build.0 = UatNT|Any CPU
		{694221D1-E217-4D2E-87E3-B196C4C6BE94}.UATSGR|Any CPU.ActiveCfg = UATSGR|Any CPU
		{694221D1-E217-4D2E-87E3-B196C4C6BE94}.UATSGR|Any CPU.Build.0 = UATSGR|Any CPU
		{8FFDC6BE-E5EA-4DCE-B91C-F22747128A8D}.Debug|Any CPU.ActiveCfg = Debug|Any CPU
		{8FFDC6BE-E5EA-4DCE-B91C-F22747128A8D}.Debug|Any CPU.Build.0 = Debug|Any CPU
		{8FFDC6BE-E5EA-4DCE-B91C-F22747128A8D}.Dev|Any CPU.ActiveCfg = Dev|Any CPU
		{8FFDC6BE-E5EA-4DCE-B91C-F22747128A8D}.Dev|Any CPU.Build.0 = Dev|Any CPU
		{8FFDC6BE-E5EA-4DCE-B91C-F22747128A8D}.DevNT|Any CPU.ActiveCfg = DevNT|Any CPU
		{8FFDC6BE-E5EA-4DCE-B91C-F22747128A8D}.DevNT|Any CPU.Build.0 = DevNT|Any CPU
		{8FFDC6BE-E5EA-4DCE-B91C-F22747128A8D}.Local|Any CPU.ActiveCfg = Local|Any CPU
		{8FFDC6BE-E5EA-4DCE-B91C-F22747128A8D}.Local|Any CPU.Build.0 = Local|Any CPU
		{8FFDC6BE-E5EA-4DCE-B91C-F22747128A8D}.QA|Any CPU.ActiveCfg = QA|Any CPU
		{8FFDC6BE-E5EA-4DCE-B91C-F22747128A8D}.QA|Any CPU.Build.0 = QA|Any CPU
		{8FFDC6BE-E5EA-4DCE-B91C-F22747128A8D}.QA2|Any CPU.ActiveCfg = QA2|Any CPU
		{8FFDC6BE-E5EA-4DCE-B91C-F22747128A8D}.QA2|Any CPU.Build.0 = QA2|Any CPU
		{8FFDC6BE-E5EA-4DCE-B91C-F22747128A8D}.QA3|Any CPU.ActiveCfg = QA3|Any CPU
		{8FFDC6BE-E5EA-4DCE-B91C-F22747128A8D}.QA3|Any CPU.Build.0 = QA3|Any CPU
		{8FFDC6BE-E5EA-4DCE-B91C-F22747128A8D}.QA4|Any CPU.ActiveCfg = QA4|Any CPU
		{8FFDC6BE-E5EA-4DCE-B91C-F22747128A8D}.QA4|Any CPU.Build.0 = QA4|Any CPU
		{8FFDC6BE-E5EA-4DCE-B91C-F22747128A8D}.Release|Any CPU.ActiveCfg = Release|Any CPU
		{8FFDC6BE-E5EA-4DCE-B91C-F22747128A8D}.Release|Any CPU.Build.0 = Release|Any CPU
		{8FFDC6BE-E5EA-4DCE-B91C-F22747128A8D}.SGR|Any CPU.ActiveCfg = SGR|Any CPU
		{8FFDC6BE-E5EA-4DCE-B91C-F22747128A8D}.SGR|Any CPU.Build.0 = SGR|Any CPU
		{8FFDC6BE-E5EA-4DCE-B91C-F22747128A8D}.UAT|Any CPU.ActiveCfg = UAT|Any CPU
		{8FFDC6BE-E5EA-4DCE-B91C-F22747128A8D}.UAT|Any CPU.Build.0 = UAT|Any CPU
		{8FFDC6BE-E5EA-4DCE-B91C-F22747128A8D}.UatNT|Any CPU.ActiveCfg = UatNT|Any CPU
		{8FFDC6BE-E5EA-4DCE-B91C-F22747128A8D}.UatNT|Any CPU.Build.0 = UatNT|Any CPU
		{8FFDC6BE-E5EA-4DCE-B91C-F22747128A8D}.UATSGR|Any CPU.ActiveCfg = UATSGR|Any CPU
		{8FFDC6BE-E5EA-4DCE-B91C-F22747128A8D}.UATSGR|Any CPU.Build.0 = UATSGR|Any CPU
		{B54C4CB8-E564-49B9-B2D8-38CB8E585F41}.Debug|Any CPU.ActiveCfg = Debug|Any CPU
		{B54C4CB8-E564-49B9-B2D8-38CB8E585F41}.Debug|Any CPU.Build.0 = Debug|Any CPU
		{B54C4CB8-E564-49B9-B2D8-38CB8E585F41}.Dev|Any CPU.ActiveCfg = Dev|Any CPU
		{B54C4CB8-E564-49B9-B2D8-38CB8E585F41}.Dev|Any CPU.Build.0 = Dev|Any CPU
		{B54C4CB8-E564-49B9-B2D8-38CB8E585F41}.DevNT|Any CPU.ActiveCfg = DevNT|Any CPU
		{B54C4CB8-E564-49B9-B2D8-38CB8E585F41}.DevNT|Any CPU.Build.0 = DevNT|Any CPU
		{B54C4CB8-E564-49B9-B2D8-38CB8E585F41}.Local|Any CPU.ActiveCfg = Local|Any CPU
		{B54C4CB8-E564-49B9-B2D8-38CB8E585F41}.Local|Any CPU.Build.0 = Local|Any CPU
		{B54C4CB8-E564-49B9-B2D8-38CB8E585F41}.QA|Any CPU.ActiveCfg = QA|Any CPU
		{B54C4CB8-E564-49B9-B2D8-38CB8E585F41}.QA|Any CPU.Build.0 = QA|Any CPU
		{B54C4CB8-E564-49B9-B2D8-38CB8E585F41}.QA2|Any CPU.ActiveCfg = QA2|Any CPU
		{B54C4CB8-E564-49B9-B2D8-38CB8E585F41}.QA2|Any CPU.Build.0 = QA2|Any CPU
		{B54C4CB8-E564-49B9-B2D8-38CB8E585F41}.QA3|Any CPU.ActiveCfg = QA3|Any CPU
		{B54C4CB8-E564-49B9-B2D8-38CB8E585F41}.QA3|Any CPU.Build.0 = QA3|Any CPU
		{B54C4CB8-E564-49B9-B2D8-38CB8E585F41}.QA4|Any CPU.ActiveCfg = QA4|Any CPU
		{B54C4CB8-E564-49B9-B2D8-38CB8E585F41}.QA4|Any CPU.Build.0 = QA4|Any CPU
		{B54C4CB8-E564-49B9-B2D8-38CB8E585F41}.Release|Any CPU.ActiveCfg = Release|Any CPU
		{B54C4CB8-E564-49B9-B2D8-38CB8E585F41}.Release|Any CPU.Build.0 = Release|Any CPU
		{B54C4CB8-E564-49B9-B2D8-38CB8E585F41}.SGR|Any CPU.ActiveCfg = SGR|Any CPU
		{B54C4CB8-E564-49B9-B2D8-38CB8E585F41}.SGR|Any CPU.Build.0 = SGR|Any CPU
		{B54C4CB8-E564-49B9-B2D8-38CB8E585F41}.UAT|Any CPU.ActiveCfg = UAT|Any CPU
		{B54C4CB8-E564-49B9-B2D8-38CB8E585F41}.UAT|Any CPU.Build.0 = UAT|Any CPU
		{B54C4CB8-E564-49B9-B2D8-38CB8E585F41}.UatNT|Any CPU.ActiveCfg = UatNT|Any CPU
		{B54C4CB8-E564-49B9-B2D8-38CB8E585F41}.UatNT|Any CPU.Build.0 = UatNT|Any CPU
		{B54C4CB8-E564-49B9-B2D8-38CB8E585F41}.UATSGR|Any CPU.ActiveCfg = UATSGR|Any CPU
		{B54C4CB8-E564-49B9-B2D8-38CB8E585F41}.UATSGR|Any CPU.Build.0 = UATSGR|Any CPU
		{C1D6E647-C34D-4DB5-ADA8-6EF5A6527E0C}.Debug|Any CPU.ActiveCfg = Debug|Any CPU
		{C1D6E647-C34D-4DB5-ADA8-6EF5A6527E0C}.Debug|Any CPU.Build.0 = Debug|Any CPU
		{C1D6E647-C34D-4DB5-ADA8-6EF5A6527E0C}.Dev|Any CPU.ActiveCfg = Dev|Any CPU
		{C1D6E647-C34D-4DB5-ADA8-6EF5A6527E0C}.Dev|Any CPU.Build.0 = Dev|Any CPU
		{C1D6E647-C34D-4DB5-ADA8-6EF5A6527E0C}.DevNT|Any CPU.ActiveCfg = DevNT|Any CPU
		{C1D6E647-C34D-4DB5-ADA8-6EF5A6527E0C}.DevNT|Any CPU.Build.0 = DevNT|Any CPU
		{C1D6E647-C34D-4DB5-ADA8-6EF5A6527E0C}.Local|Any CPU.ActiveCfg = Local|Any CPU
		{C1D6E647-C34D-4DB5-ADA8-6EF5A6527E0C}.Local|Any CPU.Build.0 = Local|Any CPU
		{C1D6E647-C34D-4DB5-ADA8-6EF5A6527E0C}.QA|Any CPU.ActiveCfg = QA|Any CPU
		{C1D6E647-C34D-4DB5-ADA8-6EF5A6527E0C}.QA|Any CPU.Build.0 = QA|Any CPU
		{C1D6E647-C34D-4DB5-ADA8-6EF5A6527E0C}.QA2|Any CPU.ActiveCfg = QA2|Any CPU
		{C1D6E647-C34D-4DB5-ADA8-6EF5A6527E0C}.QA2|Any CPU.Build.0 = QA2|Any CPU
		{C1D6E647-C34D-4DB5-ADA8-6EF5A6527E0C}.QA3|Any CPU.ActiveCfg = QA3|Any CPU
		{C1D6E647-C34D-4DB5-ADA8-6EF5A6527E0C}.QA3|Any CPU.Build.0 = QA3|Any CPU
		{C1D6E647-C34D-4DB5-ADA8-6EF5A6527E0C}.QA4|Any CPU.ActiveCfg = QA4|Any CPU
		{C1D6E647-C34D-4DB5-ADA8-6EF5A6527E0C}.QA4|Any CPU.Build.0 = QA4|Any CPU
		{C1D6E647-C34D-4DB5-ADA8-6EF5A6527E0C}.Release|Any CPU.ActiveCfg = Release|Any CPU
		{C1D6E647-C34D-4DB5-ADA8-6EF5A6527E0C}.Release|Any CPU.Build.0 = Release|Any CPU
		{C1D6E647-C34D-4DB5-ADA8-6EF5A6527E0C}.SGR|Any CPU.ActiveCfg = SGR|Any CPU
		{C1D6E647-C34D-4DB5-ADA8-6EF5A6527E0C}.SGR|Any CPU.Build.0 = SGR|Any CPU
		{C1D6E647-C34D-4DB5-ADA8-6EF5A6527E0C}.UAT|Any CPU.ActiveCfg = UAT|Any CPU
		{C1D6E647-C34D-4DB5-ADA8-6EF5A6527E0C}.UAT|Any CPU.Build.0 = UAT|Any CPU
		{C1D6E647-C34D-4DB5-ADA8-6EF5A6527E0C}.UatNT|Any CPU.ActiveCfg = UatNT|Any CPU
		{C1D6E647-C34D-4DB5-ADA8-6EF5A6527E0C}.UatNT|Any CPU.Build.0 = UatNT|Any CPU
		{C1D6E647-C34D-4DB5-ADA8-6EF5A6527E0C}.UATSGR|Any CPU.ActiveCfg = UATSGR|Any CPU
		{C1D6E647-C34D-4DB5-ADA8-6EF5A6527E0C}.UATSGR|Any CPU.Build.0 = UATSGR|Any CPU
		{0128ADFA-DFCB-4CBD-AFEE-941388BE7D7D}.Debug|Any CPU.ActiveCfg = Debug|Any CPU
		{0128ADFA-DFCB-4CBD-AFEE-941388BE7D7D}.Debug|Any CPU.Build.0 = Debug|Any CPU
		{0128ADFA-DFCB-4CBD-AFEE-941388BE7D7D}.Dev|Any CPU.ActiveCfg = Dev|Any CPU
		{0128ADFA-DFCB-4CBD-AFEE-941388BE7D7D}.Dev|Any CPU.Build.0 = Dev|Any CPU
		{0128ADFA-DFCB-4CBD-AFEE-941388BE7D7D}.DevNT|Any CPU.ActiveCfg = DevNT|Any CPU
		{0128ADFA-DFCB-4CBD-AFEE-941388BE7D7D}.DevNT|Any CPU.Build.0 = DevNT|Any CPU
		{0128ADFA-DFCB-4CBD-AFEE-941388BE7D7D}.Local|Any CPU.ActiveCfg = Local|Any CPU
		{0128ADFA-DFCB-4CBD-AFEE-941388BE7D7D}.Local|Any CPU.Build.0 = Local|Any CPU
		{0128ADFA-DFCB-4CBD-AFEE-941388BE7D7D}.QA|Any CPU.ActiveCfg = QA|Any CPU
		{0128ADFA-DFCB-4CBD-AFEE-941388BE7D7D}.QA|Any CPU.Build.0 = QA|Any CPU
		{0128ADFA-DFCB-4CBD-AFEE-941388BE7D7D}.QA2|Any CPU.ActiveCfg = QA2|Any CPU
		{0128ADFA-DFCB-4CBD-AFEE-941388BE7D7D}.QA2|Any CPU.Build.0 = QA2|Any CPU
		{0128ADFA-DFCB-4CBD-AFEE-941388BE7D7D}.QA3|Any CPU.ActiveCfg = QA3|Any CPU
		{0128ADFA-DFCB-4CBD-AFEE-941388BE7D7D}.QA3|Any CPU.Build.0 = QA3|Any CPU
		{0128ADFA-DFCB-4CBD-AFEE-941388BE7D7D}.QA4|Any CPU.ActiveCfg = QA4|Any CPU
		{0128ADFA-DFCB-4CBD-AFEE-941388BE7D7D}.QA4|Any CPU.Build.0 = QA4|Any CPU
		{0128ADFA-DFCB-4CBD-AFEE-941388BE7D7D}.Release|Any CPU.ActiveCfg = Release|Any CPU
		{0128ADFA-DFCB-4CBD-AFEE-941388BE7D7D}.Release|Any CPU.Build.0 = Release|Any CPU
		{0128ADFA-DFCB-4CBD-AFEE-941388BE7D7D}.SGR|Any CPU.ActiveCfg = SGR|Any CPU
		{0128ADFA-DFCB-4CBD-AFEE-941388BE7D7D}.SGR|Any CPU.Build.0 = SGR|Any CPU
		{0128ADFA-DFCB-4CBD-AFEE-941388BE7D7D}.UAT|Any CPU.ActiveCfg = UAT|Any CPU
		{0128ADFA-DFCB-4CBD-AFEE-941388BE7D7D}.UAT|Any CPU.Build.0 = UAT|Any CPU
		{0128ADFA-DFCB-4CBD-AFEE-941388BE7D7D}.UatNT|Any CPU.ActiveCfg = UatNT|Any CPU
		{0128ADFA-DFCB-4CBD-AFEE-941388BE7D7D}.UatNT|Any CPU.Build.0 = UatNT|Any CPU
		{0128ADFA-DFCB-4CBD-AFEE-941388BE7D7D}.UATSGR|Any CPU.ActiveCfg = UATSGR|Any CPU
		{0128ADFA-DFCB-4CBD-AFEE-941388BE7D7D}.UATSGR|Any CPU.Build.0 = UATSGR|Any CPU
		{5BE5DD8C-A7BF-430B-A4C4-94A22795D4C2}.Debug|Any CPU.ActiveCfg = Debug|Any CPU
		{5BE5DD8C-A7BF-430B-A4C4-94A22795D4C2}.Debug|Any CPU.Build.0 = Debug|Any CPU
		{5BE5DD8C-A7BF-430B-A4C4-94A22795D4C2}.Dev|Any CPU.ActiveCfg = Dev|Any CPU
		{5BE5DD8C-A7BF-430B-A4C4-94A22795D4C2}.Dev|Any CPU.Build.0 = Dev|Any CPU
		{5BE5DD8C-A7BF-430B-A4C4-94A22795D4C2}.DevNT|Any CPU.ActiveCfg = DevNT|Any CPU
		{5BE5DD8C-A7BF-430B-A4C4-94A22795D4C2}.DevNT|Any CPU.Build.0 = DevNT|Any CPU
		{5BE5DD8C-A7BF-430B-A4C4-94A22795D4C2}.Local|Any CPU.ActiveCfg = Local|Any CPU
		{5BE5DD8C-A7BF-430B-A4C4-94A22795D4C2}.Local|Any CPU.Build.0 = Local|Any CPU
		{5BE5DD8C-A7BF-430B-A4C4-94A22795D4C2}.QA|Any CPU.ActiveCfg = QA|Any CPU
		{5BE5DD8C-A7BF-430B-A4C4-94A22795D4C2}.QA|Any CPU.Build.0 = QA|Any CPU
		{5BE5DD8C-A7BF-430B-A4C4-94A22795D4C2}.QA2|Any CPU.ActiveCfg = QA2|Any CPU
		{5BE5DD8C-A7BF-430B-A4C4-94A22795D4C2}.QA2|Any CPU.Build.0 = QA2|Any CPU
		{5BE5DD8C-A7BF-430B-A4C4-94A22795D4C2}.QA3|Any CPU.ActiveCfg = QA3|Any CPU
		{5BE5DD8C-A7BF-430B-A4C4-94A22795D4C2}.QA3|Any CPU.Build.0 = QA3|Any CPU
		{5BE5DD8C-A7BF-430B-A4C4-94A22795D4C2}.QA4|Any CPU.ActiveCfg = QA4|Any CPU
		{5BE5DD8C-A7BF-430B-A4C4-94A22795D4C2}.QA4|Any CPU.Build.0 = QA4|Any CPU
		{5BE5DD8C-A7BF-430B-A4C4-94A22795D4C2}.Release|Any CPU.ActiveCfg = Release|Any CPU
		{5BE5DD8C-A7BF-430B-A4C4-94A22795D4C2}.Release|Any CPU.Build.0 = Release|Any CPU
		{5BE5DD8C-A7BF-430B-A4C4-94A22795D4C2}.SGR|Any CPU.ActiveCfg = SGR|Any CPU
		{5BE5DD8C-A7BF-430B-A4C4-94A22795D4C2}.SGR|Any CPU.Build.0 = SGR|Any CPU
		{5BE5DD8C-A7BF-430B-A4C4-94A22795D4C2}.UAT|Any CPU.ActiveCfg = UAT|Any CPU
		{5BE5DD8C-A7BF-430B-A4C4-94A22795D4C2}.UAT|Any CPU.Build.0 = UAT|Any CPU
		{5BE5DD8C-A7BF-430B-A4C4-94A22795D4C2}.UatNT|Any CPU.ActiveCfg = UatNT|Any CPU
		{5BE5DD8C-A7BF-430B-A4C4-94A22795D4C2}.UatNT|Any CPU.Build.0 = UatNT|Any CPU
		{5BE5DD8C-A7BF-430B-A4C4-94A22795D4C2}.UATSGR|Any CPU.ActiveCfg = UATSGR|Any CPU
		{5BE5DD8C-A7BF-430B-A4C4-94A22795D4C2}.UATSGR|Any CPU.Build.0 = UATSGR|Any CPU
		{3865D2BB-F1A1-4041-A541-94641694FEB6}.Debug|Any CPU.ActiveCfg = Debug|Any CPU
		{3865D2BB-F1A1-4041-A541-94641694FEB6}.Debug|Any CPU.Build.0 = Debug|Any CPU
		{3865D2BB-F1A1-4041-A541-94641694FEB6}.Dev|Any CPU.ActiveCfg = Dev|Any CPU
		{3865D2BB-F1A1-4041-A541-94641694FEB6}.Dev|Any CPU.Build.0 = Dev|Any CPU
		{3865D2BB-F1A1-4041-A541-94641694FEB6}.DevNT|Any CPU.ActiveCfg = DevNT|Any CPU
		{3865D2BB-F1A1-4041-A541-94641694FEB6}.DevNT|Any CPU.Build.0 = DevNT|Any CPU
		{3865D2BB-F1A1-4041-A541-94641694FEB6}.Local|Any CPU.ActiveCfg = Local|Any CPU
		{3865D2BB-F1A1-4041-A541-94641694FEB6}.Local|Any CPU.Build.0 = Local|Any CPU
		{3865D2BB-F1A1-4041-A541-94641694FEB6}.QA|Any CPU.ActiveCfg = QA|Any CPU
		{3865D2BB-F1A1-4041-A541-94641694FEB6}.QA|Any CPU.Build.0 = QA|Any CPU
		{3865D2BB-F1A1-4041-A541-94641694FEB6}.QA2|Any CPU.ActiveCfg = QA2|Any CPU
		{3865D2BB-F1A1-4041-A541-94641694FEB6}.QA2|Any CPU.Build.0 = QA2|Any CPU
		{3865D2BB-F1A1-4041-A541-94641694FEB6}.QA3|Any CPU.ActiveCfg = QA3|Any CPU
		{3865D2BB-F1A1-4041-A541-94641694FEB6}.QA3|Any CPU.Build.0 = QA3|Any CPU
		{3865D2BB-F1A1-4041-A541-94641694FEB6}.QA4|Any CPU.ActiveCfg = QA4|Any CPU
		{3865D2BB-F1A1-4041-A541-94641694FEB6}.QA4|Any CPU.Build.0 = QA4|Any CPU
		{3865D2BB-F1A1-4041-A541-94641694FEB6}.Release|Any CPU.ActiveCfg = Release|Any CPU
		{3865D2BB-F1A1-4041-A541-94641694FEB6}.Release|Any CPU.Build.0 = Release|Any CPU
		{3865D2BB-F1A1-4041-A541-94641694FEB6}.SGR|Any CPU.ActiveCfg = SGR|Any CPU
		{3865D2BB-F1A1-4041-A541-94641694FEB6}.SGR|Any CPU.Build.0 = SGR|Any CPU
		{3865D2BB-F1A1-4041-A541-94641694FEB6}.UAT|Any CPU.ActiveCfg = UAT|Any CPU
		{3865D2BB-F1A1-4041-A541-94641694FEB6}.UAT|Any CPU.Build.0 = UAT|Any CPU
		{3865D2BB-F1A1-4041-A541-94641694FEB6}.UatNT|Any CPU.ActiveCfg = UatNT|Any CPU
		{3865D2BB-F1A1-4041-A541-94641694FEB6}.UatNT|Any CPU.Build.0 = UatNT|Any CPU
		{3865D2BB-F1A1-4041-A541-94641694FEB6}.UATSGR|Any CPU.ActiveCfg = UATSGR|Any CPU
		{3865D2BB-F1A1-4041-A541-94641694FEB6}.UATSGR|Any CPU.Build.0 = UATSGR|Any CPU
		{3451A44F-3564-425F-B23F-C80391250C85}.Debug|Any CPU.ActiveCfg = Debug|Any CPU
		{3451A44F-3564-425F-B23F-C80391250C85}.Debug|Any CPU.Build.0 = Debug|Any CPU
		{3451A44F-3564-425F-B23F-C80391250C85}.Dev|Any CPU.ActiveCfg = Dev|Any CPU
		{3451A44F-3564-425F-B23F-C80391250C85}.Dev|Any CPU.Build.0 = Dev|Any CPU
		{3451A44F-3564-425F-B23F-C80391250C85}.DevNT|Any CPU.ActiveCfg = DevNT|Any CPU
		{3451A44F-3564-425F-B23F-C80391250C85}.DevNT|Any CPU.Build.0 = DevNT|Any CPU
		{3451A44F-3564-425F-B23F-C80391250C85}.Local|Any CPU.ActiveCfg = Local|Any CPU
		{3451A44F-3564-425F-B23F-C80391250C85}.Local|Any CPU.Build.0 = Local|Any CPU
		{3451A44F-3564-425F-B23F-C80391250C85}.QA|Any CPU.ActiveCfg = QA|Any CPU
		{3451A44F-3564-425F-B23F-C80391250C85}.QA|Any CPU.Build.0 = QA|Any CPU
		{3451A44F-3564-425F-B23F-C80391250C85}.QA2|Any CPU.ActiveCfg = QA2|Any CPU
		{3451A44F-3564-425F-B23F-C80391250C85}.QA2|Any CPU.Build.0 = QA2|Any CPU
		{3451A44F-3564-425F-B23F-C80391250C85}.QA3|Any CPU.ActiveCfg = QA3|Any CPU
		{3451A44F-3564-425F-B23F-C80391250C85}.QA3|Any CPU.Build.0 = QA3|Any CPU
		{3451A44F-3564-425F-B23F-C80391250C85}.QA4|Any CPU.ActiveCfg = QA4|Any CPU
		{3451A44F-3564-425F-B23F-C80391250C85}.QA4|Any CPU.Build.0 = QA4|Any CPU
		{3451A44F-3564-425F-B23F-C80391250C85}.Release|Any CPU.ActiveCfg = Release|Any CPU
		{3451A44F-3564-425F-B23F-C80391250C85}.Release|Any CPU.Build.0 = Release|Any CPU
		{3451A44F-3564-425F-B23F-C80391250C85}.SGR|Any CPU.ActiveCfg = SGR|Any CPU
		{3451A44F-3564-425F-B23F-C80391250C85}.SGR|Any CPU.Build.0 = SGR|Any CPU
		{3451A44F-3564-425F-B23F-C80391250C85}.UAT|Any CPU.ActiveCfg = UAT|Any CPU
		{3451A44F-3564-425F-B23F-C80391250C85}.UAT|Any CPU.Build.0 = UAT|Any CPU
		{3451A44F-3564-425F-B23F-C80391250C85}.UatNT|Any CPU.ActiveCfg = UatNT|Any CPU
		{3451A44F-3564-425F-B23F-C80391250C85}.UatNT|Any CPU.Build.0 = UatNT|Any CPU
		{3451A44F-3564-425F-B23F-C80391250C85}.UATSGR|Any CPU.ActiveCfg = UATSGR|Any CPU
		{3451A44F-3564-425F-B23F-C80391250C85}.UATSGR|Any CPU.Build.0 = UATSGR|Any CPU
		{09D3031D-4E8D-400B-B0DD-5815E073B35B}.Debug|Any CPU.ActiveCfg = Debug|Any CPU
		{09D3031D-4E8D-400B-B0DD-5815E073B35B}.Debug|Any CPU.Build.0 = Debug|Any CPU
		{09D3031D-4E8D-400B-B0DD-5815E073B35B}.Dev|Any CPU.ActiveCfg = Dev|Any CPU
		{09D3031D-4E8D-400B-B0DD-5815E073B35B}.Dev|Any CPU.Build.0 = Dev|Any CPU
		{09D3031D-4E8D-400B-B0DD-5815E073B35B}.DevNT|Any CPU.ActiveCfg = DevNT|Any CPU
		{09D3031D-4E8D-400B-B0DD-5815E073B35B}.DevNT|Any CPU.Build.0 = DevNT|Any CPU
		{09D3031D-4E8D-400B-B0DD-5815E073B35B}.Local|Any CPU.ActiveCfg = Local|Any CPU
		{09D3031D-4E8D-400B-B0DD-5815E073B35B}.Local|Any CPU.Build.0 = Local|Any CPU
		{09D3031D-4E8D-400B-B0DD-5815E073B35B}.QA|Any CPU.ActiveCfg = QA|Any CPU
		{09D3031D-4E8D-400B-B0DD-5815E073B35B}.QA|Any CPU.Build.0 = QA|Any CPU
		{09D3031D-4E8D-400B-B0DD-5815E073B35B}.QA2|Any CPU.ActiveCfg = QA2|Any CPU
		{09D3031D-4E8D-400B-B0DD-5815E073B35B}.QA2|Any CPU.Build.0 = QA2|Any CPU
		{09D3031D-4E8D-400B-B0DD-5815E073B35B}.QA3|Any CPU.ActiveCfg = QA3|Any CPU
		{09D3031D-4E8D-400B-B0DD-5815E073B35B}.QA3|Any CPU.Build.0 = QA3|Any CPU
		{09D3031D-4E8D-400B-B0DD-5815E073B35B}.QA4|Any CPU.ActiveCfg = QA4|Any CPU
		{09D3031D-4E8D-400B-B0DD-5815E073B35B}.QA4|Any CPU.Build.0 = QA4|Any CPU
		{09D3031D-4E8D-400B-B0DD-5815E073B35B}.Release|Any CPU.ActiveCfg = Release|Any CPU
		{09D3031D-4E8D-400B-B0DD-5815E073B35B}.Release|Any CPU.Build.0 = Release|Any CPU
		{09D3031D-4E8D-400B-B0DD-5815E073B35B}.SGR|Any CPU.ActiveCfg = SGR|Any CPU
		{09D3031D-4E8D-400B-B0DD-5815E073B35B}.SGR|Any CPU.Build.0 = SGR|Any CPU
		{09D3031D-4E8D-400B-B0DD-5815E073B35B}.UAT|Any CPU.ActiveCfg = UAT|Any CPU
		{09D3031D-4E8D-400B-B0DD-5815E073B35B}.UAT|Any CPU.Build.0 = UAT|Any CPU
		{09D3031D-4E8D-400B-B0DD-5815E073B35B}.UatNT|Any CPU.ActiveCfg = UatNT|Any CPU
		{09D3031D-4E8D-400B-B0DD-5815E073B35B}.UatNT|Any CPU.Build.0 = UatNT|Any CPU
		{09D3031D-4E8D-400B-B0DD-5815E073B35B}.UATSGR|Any CPU.ActiveCfg = UATSGR|Any CPU
		{09D3031D-4E8D-400B-B0DD-5815E073B35B}.UATSGR|Any CPU.Build.0 = UATSGR|Any CPU
		{3B3E24B5-7ADE-41A4-84B5-3F4683DFFA90}.Debug|Any CPU.ActiveCfg = Debug|Any CPU
		{3B3E24B5-7ADE-41A4-84B5-3F4683DFFA90}.Debug|Any CPU.Build.0 = Debug|Any CPU
		{3B3E24B5-7ADE-41A4-84B5-3F4683DFFA90}.Dev|Any CPU.ActiveCfg = Dev|Any CPU
		{3B3E24B5-7ADE-41A4-84B5-3F4683DFFA90}.Dev|Any CPU.Build.0 = Dev|Any CPU
		{3B3E24B5-7ADE-41A4-84B5-3F4683DFFA90}.DevNT|Any CPU.ActiveCfg = DevNT|Any CPU
		{3B3E24B5-7ADE-41A4-84B5-3F4683DFFA90}.DevNT|Any CPU.Build.0 = DevNT|Any CPU
		{3B3E24B5-7ADE-41A4-84B5-3F4683DFFA90}.Local|Any CPU.ActiveCfg = Local|Any CPU
		{3B3E24B5-7ADE-41A4-84B5-3F4683DFFA90}.Local|Any CPU.Build.0 = Local|Any CPU
		{3B3E24B5-7ADE-41A4-84B5-3F4683DFFA90}.QA|Any CPU.ActiveCfg = QA|Any CPU
		{3B3E24B5-7ADE-41A4-84B5-3F4683DFFA90}.QA|Any CPU.Build.0 = QA|Any CPU
		{3B3E24B5-7ADE-41A4-84B5-3F4683DFFA90}.QA2|Any CPU.ActiveCfg = QA2|Any CPU
		{3B3E24B5-7ADE-41A4-84B5-3F4683DFFA90}.QA2|Any CPU.Build.0 = QA2|Any CPU
		{3B3E24B5-7ADE-41A4-84B5-3F4683DFFA90}.QA3|Any CPU.ActiveCfg = QA3|Any CPU
		{3B3E24B5-7ADE-41A4-84B5-3F4683DFFA90}.QA3|Any CPU.Build.0 = QA3|Any CPU
		{3B3E24B5-7ADE-41A4-84B5-3F4683DFFA90}.QA4|Any CPU.ActiveCfg = QA4|Any CPU
		{3B3E24B5-7ADE-41A4-84B5-3F4683DFFA90}.QA4|Any CPU.Build.0 = QA4|Any CPU
		{3B3E24B5-7ADE-41A4-84B5-3F4683DFFA90}.Release|Any CPU.ActiveCfg = Release|Any CPU
		{3B3E24B5-7ADE-41A4-84B5-3F4683DFFA90}.Release|Any CPU.Build.0 = Release|Any CPU
		{3B3E24B5-7ADE-41A4-84B5-3F4683DFFA90}.SGR|Any CPU.ActiveCfg = SGR|Any CPU
		{3B3E24B5-7ADE-41A4-84B5-3F4683DFFA90}.SGR|Any CPU.Build.0 = SGR|Any CPU
		{3B3E24B5-7ADE-41A4-84B5-3F4683DFFA90}.UAT|Any CPU.ActiveCfg = UAT|Any CPU
		{3B3E24B5-7ADE-41A4-84B5-3F4683DFFA90}.UAT|Any CPU.Build.0 = UAT|Any CPU
		{3B3E24B5-7ADE-41A4-84B5-3F4683DFFA90}.UatNT|Any CPU.ActiveCfg = UatNT|Any CPU
		{3B3E24B5-7ADE-41A4-84B5-3F4683DFFA90}.UatNT|Any CPU.Build.0 = UatNT|Any CPU
		{3B3E24B5-7ADE-41A4-84B5-3F4683DFFA90}.UATSGR|Any CPU.ActiveCfg = UATSGR|Any CPU
		{3B3E24B5-7ADE-41A4-84B5-3F4683DFFA90}.UATSGR|Any CPU.Build.0 = UATSGR|Any CPU
		{C1345774-D0C4-4626-8E1D-1FB6BA1EBF33}.Debug|Any CPU.ActiveCfg = Debug|Any CPU
		{C1345774-D0C4-4626-8E1D-1FB6BA1EBF33}.Debug|Any CPU.Build.0 = Debug|Any CPU
		{C1345774-D0C4-4626-8E1D-1FB6BA1EBF33}.Dev|Any CPU.ActiveCfg = Dev|Any CPU
		{C1345774-D0C4-4626-8E1D-1FB6BA1EBF33}.Dev|Any CPU.Build.0 = Dev|Any CPU
		{C1345774-D0C4-4626-8E1D-1FB6BA1EBF33}.DevNT|Any CPU.ActiveCfg = DevNT|Any CPU
		{C1345774-D0C4-4626-8E1D-1FB6BA1EBF33}.DevNT|Any CPU.Build.0 = DevNT|Any CPU
		{C1345774-D0C4-4626-8E1D-1FB6BA1EBF33}.Local|Any CPU.ActiveCfg = Local|Any CPU
		{C1345774-D0C4-4626-8E1D-1FB6BA1EBF33}.Local|Any CPU.Build.0 = Local|Any CPU
		{C1345774-D0C4-4626-8E1D-1FB6BA1EBF33}.QA|Any CPU.ActiveCfg = QA|Any CPU
		{C1345774-D0C4-4626-8E1D-1FB6BA1EBF33}.QA|Any CPU.Build.0 = QA|Any CPU
		{C1345774-D0C4-4626-8E1D-1FB6BA1EBF33}.QA2|Any CPU.ActiveCfg = QA2|Any CPU
		{C1345774-D0C4-4626-8E1D-1FB6BA1EBF33}.QA2|Any CPU.Build.0 = QA2|Any CPU
		{C1345774-D0C4-4626-8E1D-1FB6BA1EBF33}.QA3|Any CPU.ActiveCfg = QA3|Any CPU
		{C1345774-D0C4-4626-8E1D-1FB6BA1EBF33}.QA3|Any CPU.Build.0 = QA3|Any CPU
		{C1345774-D0C4-4626-8E1D-1FB6BA1EBF33}.QA4|Any CPU.ActiveCfg = QA4|Any CPU
		{C1345774-D0C4-4626-8E1D-1FB6BA1EBF33}.QA4|Any CPU.Build.0 = QA4|Any CPU
		{C1345774-D0C4-4626-8E1D-1FB6BA1EBF33}.Release|Any CPU.ActiveCfg = Release|Any CPU
		{C1345774-D0C4-4626-8E1D-1FB6BA1EBF33}.Release|Any CPU.Build.0 = Release|Any CPU
		{C1345774-D0C4-4626-8E1D-1FB6BA1EBF33}.SGR|Any CPU.ActiveCfg = SGR|Any CPU
		{C1345774-D0C4-4626-8E1D-1FB6BA1EBF33}.SGR|Any CPU.Build.0 = SGR|Any CPU
		{C1345774-D0C4-4626-8E1D-1FB6BA1EBF33}.UAT|Any CPU.ActiveCfg = UAT|Any CPU
		{C1345774-D0C4-4626-8E1D-1FB6BA1EBF33}.UAT|Any CPU.Build.0 = UAT|Any CPU
		{C1345774-D0C4-4626-8E1D-1FB6BA1EBF33}.UatNT|Any CPU.ActiveCfg = UatNT|Any CPU
		{C1345774-D0C4-4626-8E1D-1FB6BA1EBF33}.UatNT|Any CPU.Build.0 = UatNT|Any CPU
		{C1345774-D0C4-4626-8E1D-1FB6BA1EBF33}.UATSGR|Any CPU.ActiveCfg = UATSGR|Any CPU
		{C1345774-D0C4-4626-8E1D-1FB6BA1EBF33}.UATSGR|Any CPU.Build.0 = UATSGR|Any CPU
		{FFFEC809-9A46-4A64-B32C-8A9DBBC08383}.Debug|Any CPU.ActiveCfg = Debug|Any CPU
		{FFFEC809-9A46-4A64-B32C-8A9DBBC08383}.Debug|Any CPU.Build.0 = Debug|Any CPU
		{FFFEC809-9A46-4A64-B32C-8A9DBBC08383}.Dev|Any CPU.ActiveCfg = Dev|Any CPU
		{FFFEC809-9A46-4A64-B32C-8A9DBBC08383}.Dev|Any CPU.Build.0 = Dev|Any CPU
		{FFFEC809-9A46-4A64-B32C-8A9DBBC08383}.DevNT|Any CPU.ActiveCfg = DevNT|Any CPU
		{FFFEC809-9A46-4A64-B32C-8A9DBBC08383}.DevNT|Any CPU.Build.0 = DevNT|Any CPU
		{FFFEC809-9A46-4A64-B32C-8A9DBBC08383}.Local|Any CPU.ActiveCfg = Local|Any CPU
		{FFFEC809-9A46-4A64-B32C-8A9DBBC08383}.Local|Any CPU.Build.0 = Local|Any CPU
		{FFFEC809-9A46-4A64-B32C-8A9DBBC08383}.QA|Any CPU.ActiveCfg = QA|Any CPU
		{FFFEC809-9A46-4A64-B32C-8A9DBBC08383}.QA|Any CPU.Build.0 = QA|Any CPU
		{FFFEC809-9A46-4A64-B32C-8A9DBBC08383}.QA2|Any CPU.ActiveCfg = QA2|Any CPU
		{FFFEC809-9A46-4A64-B32C-8A9DBBC08383}.QA2|Any CPU.Build.0 = QA2|Any CPU
		{FFFEC809-9A46-4A64-B32C-8A9DBBC08383}.QA3|Any CPU.ActiveCfg = QA3|Any CPU
		{FFFEC809-9A46-4A64-B32C-8A9DBBC08383}.QA3|Any CPU.Build.0 = QA3|Any CPU
		{FFFEC809-9A46-4A64-B32C-8A9DBBC08383}.QA4|Any CPU.ActiveCfg = QA4|Any CPU
		{FFFEC809-9A46-4A64-B32C-8A9DBBC08383}.QA4|Any CPU.Build.0 = QA4|Any CPU
		{FFFEC809-9A46-4A64-B32C-8A9DBBC08383}.Release|Any CPU.ActiveCfg = Release|Any CPU
		{FFFEC809-9A46-4A64-B32C-8A9DBBC08383}.Release|Any CPU.Build.0 = Release|Any CPU
		{FFFEC809-9A46-4A64-B32C-8A9DBBC08383}.SGR|Any CPU.ActiveCfg = SGR|Any CPU
		{FFFEC809-9A46-4A64-B32C-8A9DBBC08383}.SGR|Any CPU.Build.0 = SGR|Any CPU
		{FFFEC809-9A46-4A64-B32C-8A9DBBC08383}.UAT|Any CPU.ActiveCfg = UAT|Any CPU
		{FFFEC809-9A46-4A64-B32C-8A9DBBC08383}.UAT|Any CPU.Build.0 = UAT|Any CPU
		{FFFEC809-9A46-4A64-B32C-8A9DBBC08383}.UatNT|Any CPU.ActiveCfg = UatNT|Any CPU
		{FFFEC809-9A46-4A64-B32C-8A9DBBC08383}.UatNT|Any CPU.Build.0 = UatNT|Any CPU
		{FFFEC809-9A46-4A64-B32C-8A9DBBC08383}.UATSGR|Any CPU.ActiveCfg = UATSGR|Any CPU
		{FFFEC809-9A46-4A64-B32C-8A9DBBC08383}.UATSGR|Any CPU.Build.0 = UATSGR|Any CPU
		{1DD92927-CFEA-4C6B-9571-47D7CFAD5080}.Debug|Any CPU.ActiveCfg = Debug|Any CPU
		{1DD92927-CFEA-4C6B-9571-47D7CFAD5080}.Debug|Any CPU.Build.0 = Debug|Any CPU
		{1DD92927-CFEA-4C6B-9571-47D7CFAD5080}.Dev|Any CPU.ActiveCfg = Dev|Any CPU
		{1DD92927-CFEA-4C6B-9571-47D7CFAD5080}.Dev|Any CPU.Build.0 = Dev|Any CPU
		{1DD92927-CFEA-4C6B-9571-47D7CFAD5080}.DevNT|Any CPU.ActiveCfg = DevNT|Any CPU
		{1DD92927-CFEA-4C6B-9571-47D7CFAD5080}.DevNT|Any CPU.Build.0 = DevNT|Any CPU
		{1DD92927-CFEA-4C6B-9571-47D7CFAD5080}.Local|Any CPU.ActiveCfg = Local|Any CPU
		{1DD92927-CFEA-4C6B-9571-47D7CFAD5080}.Local|Any CPU.Build.0 = Local|Any CPU
		{1DD92927-CFEA-4C6B-9571-47D7CFAD5080}.QA|Any CPU.ActiveCfg = QA|Any CPU
		{1DD92927-CFEA-4C6B-9571-47D7CFAD5080}.QA|Any CPU.Build.0 = QA|Any CPU
		{1DD92927-CFEA-4C6B-9571-47D7CFAD5080}.QA2|Any CPU.ActiveCfg = QA2|Any CPU
		{1DD92927-CFEA-4C6B-9571-47D7CFAD5080}.QA2|Any CPU.Build.0 = QA2|Any CPU
		{1DD92927-CFEA-4C6B-9571-47D7CFAD5080}.QA3|Any CPU.ActiveCfg = QA3|Any CPU
		{1DD92927-CFEA-4C6B-9571-47D7CFAD5080}.QA3|Any CPU.Build.0 = QA3|Any CPU
		{1DD92927-CFEA-4C6B-9571-47D7CFAD5080}.QA4|Any CPU.ActiveCfg = QA4|Any CPU
		{1DD92927-CFEA-4C6B-9571-47D7CFAD5080}.QA4|Any CPU.Build.0 = QA4|Any CPU
		{1DD92927-CFEA-4C6B-9571-47D7CFAD5080}.Release|Any CPU.ActiveCfg = Release|Any CPU
		{1DD92927-CFEA-4C6B-9571-47D7CFAD5080}.Release|Any CPU.Build.0 = Release|Any CPU
		{1DD92927-CFEA-4C6B-9571-47D7CFAD5080}.SGR|Any CPU.ActiveCfg = SGR|Any CPU
		{1DD92927-CFEA-4C6B-9571-47D7CFAD5080}.SGR|Any CPU.Build.0 = SGR|Any CPU
		{1DD92927-CFEA-4C6B-9571-47D7CFAD5080}.UAT|Any CPU.ActiveCfg = UAT|Any CPU
		{1DD92927-CFEA-4C6B-9571-47D7CFAD5080}.UAT|Any CPU.Build.0 = UAT|Any CPU
		{1DD92927-CFEA-4C6B-9571-47D7CFAD5080}.UatNT|Any CPU.ActiveCfg = UatNT|Any CPU
		{1DD92927-CFEA-4C6B-9571-47D7CFAD5080}.UatNT|Any CPU.Build.0 = UatNT|Any CPU
		{1DD92927-CFEA-4C6B-9571-47D7CFAD5080}.UATSGR|Any CPU.ActiveCfg = UATSGR|Any CPU
		{1DD92927-CFEA-4C6B-9571-47D7CFAD5080}.UATSGR|Any CPU.Build.0 = UATSGR|Any CPU
		{5C3BBC14-EC98-4691-B57B-1CF8D9B03C61}.Debug|Any CPU.ActiveCfg = Debug|Any CPU
		{5C3BBC14-EC98-4691-B57B-1CF8D9B03C61}.Debug|Any CPU.Build.0 = Debug|Any CPU
		{5C3BBC14-EC98-4691-B57B-1CF8D9B03C61}.Dev|Any CPU.ActiveCfg = Dev|Any CPU
		{5C3BBC14-EC98-4691-B57B-1CF8D9B03C61}.Dev|Any CPU.Build.0 = Dev|Any CPU
		{5C3BBC14-EC98-4691-B57B-1CF8D9B03C61}.DevNT|Any CPU.ActiveCfg = DevNT|Any CPU
		{5C3BBC14-EC98-4691-B57B-1CF8D9B03C61}.DevNT|Any CPU.Build.0 = DevNT|Any CPU
		{5C3BBC14-EC98-4691-B57B-1CF8D9B03C61}.Local|Any CPU.ActiveCfg = Local|Any CPU
		{5C3BBC14-EC98-4691-B57B-1CF8D9B03C61}.Local|Any CPU.Build.0 = Local|Any CPU
		{5C3BBC14-EC98-4691-B57B-1CF8D9B03C61}.QA|Any CPU.ActiveCfg = QA|Any CPU
		{5C3BBC14-EC98-4691-B57B-1CF8D9B03C61}.QA|Any CPU.Build.0 = QA|Any CPU
		{5C3BBC14-EC98-4691-B57B-1CF8D9B03C61}.QA2|Any CPU.ActiveCfg = QA2|Any CPU
		{5C3BBC14-EC98-4691-B57B-1CF8D9B03C61}.QA2|Any CPU.Build.0 = QA2|Any CPU
		{5C3BBC14-EC98-4691-B57B-1CF8D9B03C61}.QA3|Any CPU.ActiveCfg = QA3|Any CPU
		{5C3BBC14-EC98-4691-B57B-1CF8D9B03C61}.QA3|Any CPU.Build.0 = QA3|Any CPU
		{5C3BBC14-EC98-4691-B57B-1CF8D9B03C61}.QA4|Any CPU.ActiveCfg = QA4|Any CPU
		{5C3BBC14-EC98-4691-B57B-1CF8D9B03C61}.QA4|Any CPU.Build.0 = QA4|Any CPU
		{5C3BBC14-EC98-4691-B57B-1CF8D9B03C61}.Release|Any CPU.ActiveCfg = Release|Any CPU
		{5C3BBC14-EC98-4691-B57B-1CF8D9B03C61}.Release|Any CPU.Build.0 = Release|Any CPU
		{5C3BBC14-EC98-4691-B57B-1CF8D9B03C61}.SGR|Any CPU.ActiveCfg = SGR|Any CPU
		{5C3BBC14-EC98-4691-B57B-1CF8D9B03C61}.SGR|Any CPU.Build.0 = SGR|Any CPU
		{5C3BBC14-EC98-4691-B57B-1CF8D9B03C61}.UAT|Any CPU.ActiveCfg = UAT|Any CPU
		{5C3BBC14-EC98-4691-B57B-1CF8D9B03C61}.UAT|Any CPU.Build.0 = UAT|Any CPU
		{5C3BBC14-EC98-4691-B57B-1CF8D9B03C61}.UatNT|Any CPU.ActiveCfg = UatNT|Any CPU
		{5C3BBC14-EC98-4691-B57B-1CF8D9B03C61}.UatNT|Any CPU.Build.0 = UatNT|Any CPU
		{5C3BBC14-EC98-4691-B57B-1CF8D9B03C61}.UATSGR|Any CPU.ActiveCfg = UATSGR|Any CPU
		{5C3BBC14-EC98-4691-B57B-1CF8D9B03C61}.UATSGR|Any CPU.Build.0 = UATSGR|Any CPU
		{33E29BD9-7BE5-4215-A571-54FFFFE15BDB}.Debug|Any CPU.ActiveCfg = Debug|Any CPU
		{33E29BD9-7BE5-4215-A571-54FFFFE15BDB}.Debug|Any CPU.Build.0 = Debug|Any CPU
		{33E29BD9-7BE5-4215-A571-54FFFFE15BDB}.Dev|Any CPU.ActiveCfg = Dev|Any CPU
		{33E29BD9-7BE5-4215-A571-54FFFFE15BDB}.Dev|Any CPU.Build.0 = Dev|Any CPU
		{33E29BD9-7BE5-4215-A571-54FFFFE15BDB}.DevNT|Any CPU.ActiveCfg = DevNT|Any CPU
		{33E29BD9-7BE5-4215-A571-54FFFFE15BDB}.DevNT|Any CPU.Build.0 = DevNT|Any CPU
		{33E29BD9-7BE5-4215-A571-54FFFFE15BDB}.Local|Any CPU.ActiveCfg = Local|Any CPU
		{33E29BD9-7BE5-4215-A571-54FFFFE15BDB}.Local|Any CPU.Build.0 = Local|Any CPU
		{33E29BD9-7BE5-4215-A571-54FFFFE15BDB}.QA|Any CPU.ActiveCfg = QA|Any CPU
		{33E29BD9-7BE5-4215-A571-54FFFFE15BDB}.QA|Any CPU.Build.0 = QA|Any CPU
		{33E29BD9-7BE5-4215-A571-54FFFFE15BDB}.QA2|Any CPU.ActiveCfg = QA2|Any CPU
		{33E29BD9-7BE5-4215-A571-54FFFFE15BDB}.QA2|Any CPU.Build.0 = QA2|Any CPU
		{33E29BD9-7BE5-4215-A571-54FFFFE15BDB}.QA3|Any CPU.ActiveCfg = QA3|Any CPU
		{33E29BD9-7BE5-4215-A571-54FFFFE15BDB}.QA3|Any CPU.Build.0 = QA3|Any CPU
		{33E29BD9-7BE5-4215-A571-54FFFFE15BDB}.QA4|Any CPU.ActiveCfg = QA4|Any CPU
		{33E29BD9-7BE5-4215-A571-54FFFFE15BDB}.QA4|Any CPU.Build.0 = QA4|Any CPU
		{33E29BD9-7BE5-4215-A571-54FFFFE15BDB}.Release|Any CPU.ActiveCfg = Release|Any CPU
		{33E29BD9-7BE5-4215-A571-54FFFFE15BDB}.Release|Any CPU.Build.0 = Release|Any CPU
		{33E29BD9-7BE5-4215-A571-54FFFFE15BDB}.SGR|Any CPU.ActiveCfg = SGR|Any CPU
		{33E29BD9-7BE5-4215-A571-54FFFFE15BDB}.SGR|Any CPU.Build.0 = SGR|Any CPU
		{33E29BD9-7BE5-4215-A571-54FFFFE15BDB}.UAT|Any CPU.ActiveCfg = UAT|Any CPU
		{33E29BD9-7BE5-4215-A571-54FFFFE15BDB}.UAT|Any CPU.Build.0 = UAT|Any CPU
		{33E29BD9-7BE5-4215-A571-54FFFFE15BDB}.UatNT|Any CPU.ActiveCfg = UatNT|Any CPU
		{33E29BD9-7BE5-4215-A571-54FFFFE15BDB}.UatNT|Any CPU.Build.0 = UatNT|Any CPU
		{33E29BD9-7BE5-4215-A571-54FFFFE15BDB}.UATSGR|Any CPU.ActiveCfg = UATSGR|Any CPU
		{33E29BD9-7BE5-4215-A571-54FFFFE15BDB}.UATSGR|Any CPU.Build.0 = UATSGR|Any CPU
		{B7DCF056-3271-481F-9AB8-9E301EB79949}.Debug|Any CPU.ActiveCfg = Debug|Any CPU
		{B7DCF056-3271-481F-9AB8-9E301EB79949}.Debug|Any CPU.Build.0 = Debug|Any CPU
		{B7DCF056-3271-481F-9AB8-9E301EB79949}.Dev|Any CPU.ActiveCfg = Dev|Any CPU
		{B7DCF056-3271-481F-9AB8-9E301EB79949}.Dev|Any CPU.Build.0 = Dev|Any CPU
		{B7DCF056-3271-481F-9AB8-9E301EB79949}.DevNT|Any CPU.ActiveCfg = DevNT|Any CPU
		{B7DCF056-3271-481F-9AB8-9E301EB79949}.DevNT|Any CPU.Build.0 = DevNT|Any CPU
		{B7DCF056-3271-481F-9AB8-9E301EB79949}.Local|Any CPU.ActiveCfg = Local|Any CPU
		{B7DCF056-3271-481F-9AB8-9E301EB79949}.Local|Any CPU.Build.0 = Local|Any CPU
		{B7DCF056-3271-481F-9AB8-9E301EB79949}.QA|Any CPU.ActiveCfg = QA|Any CPU
		{B7DCF056-3271-481F-9AB8-9E301EB79949}.QA|Any CPU.Build.0 = QA|Any CPU
		{B7DCF056-3271-481F-9AB8-9E301EB79949}.QA2|Any CPU.ActiveCfg = QA2|Any CPU
		{B7DCF056-3271-481F-9AB8-9E301EB79949}.QA2|Any CPU.Build.0 = QA2|Any CPU
		{B7DCF056-3271-481F-9AB8-9E301EB79949}.QA3|Any CPU.ActiveCfg = QA3|Any CPU
		{B7DCF056-3271-481F-9AB8-9E301EB79949}.QA3|Any CPU.Build.0 = QA3|Any CPU
		{B7DCF056-3271-481F-9AB8-9E301EB79949}.QA4|Any CPU.ActiveCfg = QA4|Any CPU
		{B7DCF056-3271-481F-9AB8-9E301EB79949}.QA4|Any CPU.Build.0 = QA4|Any CPU
		{B7DCF056-3271-481F-9AB8-9E301EB79949}.Release|Any CPU.ActiveCfg = Release|Any CPU
		{B7DCF056-3271-481F-9AB8-9E301EB79949}.Release|Any CPU.Build.0 = Release|Any CPU
		{B7DCF056-3271-481F-9AB8-9E301EB79949}.SGR|Any CPU.ActiveCfg = SGR|Any CPU
		{B7DCF056-3271-481F-9AB8-9E301EB79949}.SGR|Any CPU.Build.0 = SGR|Any CPU
		{B7DCF056-3271-481F-9AB8-9E301EB79949}.UAT|Any CPU.ActiveCfg = UAT|Any CPU
		{B7DCF056-3271-481F-9AB8-9E301EB79949}.UAT|Any CPU.Build.0 = UAT|Any CPU
		{B7DCF056-3271-481F-9AB8-9E301EB79949}.UatNT|Any CPU.ActiveCfg = UatNT|Any CPU
		{B7DCF056-3271-481F-9AB8-9E301EB79949}.UatNT|Any CPU.Build.0 = UatNT|Any CPU
		{B7DCF056-3271-481F-9AB8-9E301EB79949}.UATSGR|Any CPU.ActiveCfg = UATSGR|Any CPU
		{B7DCF056-3271-481F-9AB8-9E301EB79949}.UATSGR|Any CPU.Build.0 = UATSGR|Any CPU
		{C1E0F593-E010-4932-9FF3-4E0CAE2A71FC}.Debug|Any CPU.ActiveCfg = Debug|Any CPU
		{C1E0F593-E010-4932-9FF3-4E0CAE2A71FC}.Debug|Any CPU.Build.0 = Debug|Any CPU
		{C1E0F593-E010-4932-9FF3-4E0CAE2A71FC}.Dev|Any CPU.ActiveCfg = Dev|Any CPU
		{C1E0F593-E010-4932-9FF3-4E0CAE2A71FC}.Dev|Any CPU.Build.0 = Dev|Any CPU
		{C1E0F593-E010-4932-9FF3-4E0CAE2A71FC}.DevNT|Any CPU.ActiveCfg = DevNT|Any CPU
		{C1E0F593-E010-4932-9FF3-4E0CAE2A71FC}.DevNT|Any CPU.Build.0 = DevNT|Any CPU
		{C1E0F593-E010-4932-9FF3-4E0CAE2A71FC}.Local|Any CPU.ActiveCfg = Local|Any CPU
		{C1E0F593-E010-4932-9FF3-4E0CAE2A71FC}.Local|Any CPU.Build.0 = Local|Any CPU
		{C1E0F593-E010-4932-9FF3-4E0CAE2A71FC}.QA|Any CPU.ActiveCfg = QA|Any CPU
		{C1E0F593-E010-4932-9FF3-4E0CAE2A71FC}.QA|Any CPU.Build.0 = QA|Any CPU
		{C1E0F593-E010-4932-9FF3-4E0CAE2A71FC}.QA2|Any CPU.ActiveCfg = QA2|Any CPU
		{C1E0F593-E010-4932-9FF3-4E0CAE2A71FC}.QA2|Any CPU.Build.0 = QA2|Any CPU
		{C1E0F593-E010-4932-9FF3-4E0CAE2A71FC}.QA3|Any CPU.ActiveCfg = QA3|Any CPU
		{C1E0F593-E010-4932-9FF3-4E0CAE2A71FC}.QA3|Any CPU.Build.0 = QA3|Any CPU
		{C1E0F593-E010-4932-9FF3-4E0CAE2A71FC}.QA4|Any CPU.ActiveCfg = QA4|Any CPU
		{C1E0F593-E010-4932-9FF3-4E0CAE2A71FC}.QA4|Any CPU.Build.0 = QA4|Any CPU
		{C1E0F593-E010-4932-9FF3-4E0CAE2A71FC}.Release|Any CPU.ActiveCfg = Release|Any CPU
		{C1E0F593-E010-4932-9FF3-4E0CAE2A71FC}.Release|Any CPU.Build.0 = Release|Any CPU
		{C1E0F593-E010-4932-9FF3-4E0CAE2A71FC}.SGR|Any CPU.ActiveCfg = SGR|Any CPU
		{C1E0F593-E010-4932-9FF3-4E0CAE2A71FC}.SGR|Any CPU.Build.0 = SGR|Any CPU
		{C1E0F593-E010-4932-9FF3-4E0CAE2A71FC}.UAT|Any CPU.ActiveCfg = UAT|Any CPU
		{C1E0F593-E010-4932-9FF3-4E0CAE2A71FC}.UAT|Any CPU.Build.0 = UAT|Any CPU
		{C1E0F593-E010-4932-9FF3-4E0CAE2A71FC}.UatNT|Any CPU.ActiveCfg = UatNT|Any CPU
		{C1E0F593-E010-4932-9FF3-4E0CAE2A71FC}.UatNT|Any CPU.Build.0 = UatNT|Any CPU
		{C1E0F593-E010-4932-9FF3-4E0CAE2A71FC}.UATSGR|Any CPU.ActiveCfg = UATSGR|Any CPU
		{C1E0F593-E010-4932-9FF3-4E0CAE2A71FC}.UATSGR|Any CPU.Build.0 = UATSGR|Any CPU
		{DBE1BC0F-E99D-4F10-85FA-59A9D6E95793}.Debug|Any CPU.ActiveCfg = Debug|Any CPU
		{DBE1BC0F-E99D-4F10-85FA-59A9D6E95793}.Debug|Any CPU.Build.0 = Debug|Any CPU
		{DBE1BC0F-E99D-4F10-85FA-59A9D6E95793}.Dev|Any CPU.ActiveCfg = Dev|Any CPU
		{DBE1BC0F-E99D-4F10-85FA-59A9D6E95793}.Dev|Any CPU.Build.0 = Dev|Any CPU
		{DBE1BC0F-E99D-4F10-85FA-59A9D6E95793}.DevNT|Any CPU.ActiveCfg = DevNT|Any CPU
		{DBE1BC0F-E99D-4F10-85FA-59A9D6E95793}.DevNT|Any CPU.Build.0 = DevNT|Any CPU
		{DBE1BC0F-E99D-4F10-85FA-59A9D6E95793}.Local|Any CPU.ActiveCfg = Local|Any CPU
		{DBE1BC0F-E99D-4F10-85FA-59A9D6E95793}.Local|Any CPU.Build.0 = Local|Any CPU
		{DBE1BC0F-E99D-4F10-85FA-59A9D6E95793}.QA|Any CPU.ActiveCfg = QA|Any CPU
		{DBE1BC0F-E99D-4F10-85FA-59A9D6E95793}.QA|Any CPU.Build.0 = QA|Any CPU
		{DBE1BC0F-E99D-4F10-85FA-59A9D6E95793}.QA2|Any CPU.ActiveCfg = QA2|Any CPU
		{DBE1BC0F-E99D-4F10-85FA-59A9D6E95793}.QA2|Any CPU.Build.0 = QA2|Any CPU
		{DBE1BC0F-E99D-4F10-85FA-59A9D6E95793}.QA3|Any CPU.ActiveCfg = QA3|Any CPU
		{DBE1BC0F-E99D-4F10-85FA-59A9D6E95793}.QA3|Any CPU.Build.0 = QA3|Any CPU
		{DBE1BC0F-E99D-4F10-85FA-59A9D6E95793}.QA4|Any CPU.ActiveCfg = QA4|Any CPU
		{DBE1BC0F-E99D-4F10-85FA-59A9D6E95793}.QA4|Any CPU.Build.0 = QA4|Any CPU
		{DBE1BC0F-E99D-4F10-85FA-59A9D6E95793}.Release|Any CPU.ActiveCfg = Release|Any CPU
		{DBE1BC0F-E99D-4F10-85FA-59A9D6E95793}.Release|Any CPU.Build.0 = Release|Any CPU
		{DBE1BC0F-E99D-4F10-85FA-59A9D6E95793}.SGR|Any CPU.ActiveCfg = SGR|Any CPU
		{DBE1BC0F-E99D-4F10-85FA-59A9D6E95793}.SGR|Any CPU.Build.0 = SGR|Any CPU
		{DBE1BC0F-E99D-4F10-85FA-59A9D6E95793}.UAT|Any CPU.ActiveCfg = UAT|Any CPU
		{DBE1BC0F-E99D-4F10-85FA-59A9D6E95793}.UAT|Any CPU.Build.0 = UAT|Any CPU
		{DBE1BC0F-E99D-4F10-85FA-59A9D6E95793}.UatNT|Any CPU.ActiveCfg = UatNT|Any CPU
		{DBE1BC0F-E99D-4F10-85FA-59A9D6E95793}.UatNT|Any CPU.Build.0 = UatNT|Any CPU
		{DBE1BC0F-E99D-4F10-85FA-59A9D6E95793}.UATSGR|Any CPU.ActiveCfg = UATSGR|Any CPU
		{DBE1BC0F-E99D-4F10-85FA-59A9D6E95793}.UATSGR|Any CPU.Build.0 = UATSGR|Any CPU
		{600D9DA1-E31B-475C-AE02-E6D6419E66E8}.Debug|Any CPU.ActiveCfg = Debug|Any CPU
		{600D9DA1-E31B-475C-AE02-E6D6419E66E8}.Debug|Any CPU.Build.0 = Debug|Any CPU
		{600D9DA1-E31B-475C-AE02-E6D6419E66E8}.Dev|Any CPU.ActiveCfg = Dev|Any CPU
		{600D9DA1-E31B-475C-AE02-E6D6419E66E8}.Dev|Any CPU.Build.0 = Dev|Any CPU
		{600D9DA1-E31B-475C-AE02-E6D6419E66E8}.DevNT|Any CPU.ActiveCfg = DevNT|Any CPU
		{600D9DA1-E31B-475C-AE02-E6D6419E66E8}.DevNT|Any CPU.Build.0 = DevNT|Any CPU
		{600D9DA1-E31B-475C-AE02-E6D6419E66E8}.Local|Any CPU.ActiveCfg = Local|Any CPU
		{600D9DA1-E31B-475C-AE02-E6D6419E66E8}.Local|Any CPU.Build.0 = Local|Any CPU
		{600D9DA1-E31B-475C-AE02-E6D6419E66E8}.QA|Any CPU.ActiveCfg = QA|Any CPU
		{600D9DA1-E31B-475C-AE02-E6D6419E66E8}.QA|Any CPU.Build.0 = QA|Any CPU
		{600D9DA1-E31B-475C-AE02-E6D6419E66E8}.QA2|Any CPU.ActiveCfg = QA2|Any CPU
		{600D9DA1-E31B-475C-AE02-E6D6419E66E8}.QA2|Any CPU.Build.0 = QA2|Any CPU
		{600D9DA1-E31B-475C-AE02-E6D6419E66E8}.QA3|Any CPU.ActiveCfg = QA3|Any CPU
		{600D9DA1-E31B-475C-AE02-E6D6419E66E8}.QA3|Any CPU.Build.0 = QA3|Any CPU
		{600D9DA1-E31B-475C-AE02-E6D6419E66E8}.QA4|Any CPU.ActiveCfg = QA4|Any CPU
		{600D9DA1-E31B-475C-AE02-E6D6419E66E8}.QA4|Any CPU.Build.0 = QA4|Any CPU
		{600D9DA1-E31B-475C-AE02-E6D6419E66E8}.Release|Any CPU.ActiveCfg = Release|Any CPU
		{600D9DA1-E31B-475C-AE02-E6D6419E66E8}.Release|Any CPU.Build.0 = Release|Any CPU
		{600D9DA1-E31B-475C-AE02-E6D6419E66E8}.SGR|Any CPU.ActiveCfg = SGR|Any CPU
		{600D9DA1-E31B-475C-AE02-E6D6419E66E8}.SGR|Any CPU.Build.0 = SGR|Any CPU
		{600D9DA1-E31B-475C-AE02-E6D6419E66E8}.UAT|Any CPU.ActiveCfg = UAT|Any CPU
		{600D9DA1-E31B-475C-AE02-E6D6419E66E8}.UAT|Any CPU.Build.0 = UAT|Any CPU
		{600D9DA1-E31B-475C-AE02-E6D6419E66E8}.UatNT|Any CPU.ActiveCfg = UatNT|Any CPU
		{600D9DA1-E31B-475C-AE02-E6D6419E66E8}.UatNT|Any CPU.Build.0 = UatNT|Any CPU
		{600D9DA1-E31B-475C-AE02-E6D6419E66E8}.UATSGR|Any CPU.ActiveCfg = UATSGR|Any CPU
		{600D9DA1-E31B-475C-AE02-E6D6419E66E8}.UATSGR|Any CPU.Build.0 = UATSGR|Any CPU
		{5DC1D82B-36A0-4066-B9A9-CBCF75F92DF8}.Debug|Any CPU.ActiveCfg = Debug|Any CPU
		{5DC1D82B-36A0-4066-B9A9-CBCF75F92DF8}.Debug|Any CPU.Build.0 = Debug|Any CPU
		{5DC1D82B-36A0-4066-B9A9-CBCF75F92DF8}.Dev|Any CPU.ActiveCfg = Dev|Any CPU
		{5DC1D82B-36A0-4066-B9A9-CBCF75F92DF8}.Dev|Any CPU.Build.0 = Dev|Any CPU
		{5DC1D82B-36A0-4066-B9A9-CBCF75F92DF8}.DevNT|Any CPU.ActiveCfg = DevNT|Any CPU
		{5DC1D82B-36A0-4066-B9A9-CBCF75F92DF8}.DevNT|Any CPU.Build.0 = DevNT|Any CPU
		{5DC1D82B-36A0-4066-B9A9-CBCF75F92DF8}.Local|Any CPU.ActiveCfg = Local|Any CPU
		{5DC1D82B-36A0-4066-B9A9-CBCF75F92DF8}.Local|Any CPU.Build.0 = Local|Any CPU
		{5DC1D82B-36A0-4066-B9A9-CBCF75F92DF8}.QA|Any CPU.ActiveCfg = QA|Any CPU
		{5DC1D82B-36A0-4066-B9A9-CBCF75F92DF8}.QA|Any CPU.Build.0 = QA|Any CPU
		{5DC1D82B-36A0-4066-B9A9-CBCF75F92DF8}.QA2|Any CPU.ActiveCfg = QA2|Any CPU
		{5DC1D82B-36A0-4066-B9A9-CBCF75F92DF8}.QA2|Any CPU.Build.0 = QA2|Any CPU
		{5DC1D82B-36A0-4066-B9A9-CBCF75F92DF8}.QA3|Any CPU.ActiveCfg = QA3|Any CPU
		{5DC1D82B-36A0-4066-B9A9-CBCF75F92DF8}.QA3|Any CPU.Build.0 = QA3|Any CPU
		{5DC1D82B-36A0-4066-B9A9-CBCF75F92DF8}.QA4|Any CPU.ActiveCfg = QA4|Any CPU
		{5DC1D82B-36A0-4066-B9A9-CBCF75F92DF8}.QA4|Any CPU.Build.0 = QA4|Any CPU
		{5DC1D82B-36A0-4066-B9A9-CBCF75F92DF8}.Release|Any CPU.ActiveCfg = Release|Any CPU
		{5DC1D82B-36A0-4066-B9A9-CBCF75F92DF8}.Release|Any CPU.Build.0 = Release|Any CPU
		{5DC1D82B-36A0-4066-B9A9-CBCF75F92DF8}.SGR|Any CPU.ActiveCfg = SGR|Any CPU
		{5DC1D82B-36A0-4066-B9A9-CBCF75F92DF8}.SGR|Any CPU.Build.0 = SGR|Any CPU
		{5DC1D82B-36A0-4066-B9A9-CBCF75F92DF8}.UAT|Any CPU.ActiveCfg = UAT|Any CPU
		{5DC1D82B-36A0-4066-B9A9-CBCF75F92DF8}.UAT|Any CPU.Build.0 = UAT|Any CPU
		{5DC1D82B-36A0-4066-B9A9-CBCF75F92DF8}.UatNT|Any CPU.ActiveCfg = UatNT|Any CPU
		{5DC1D82B-36A0-4066-B9A9-CBCF75F92DF8}.UatNT|Any CPU.Build.0 = UatNT|Any CPU
		{5DC1D82B-36A0-4066-B9A9-CBCF75F92DF8}.UATSGR|Any CPU.ActiveCfg = UATSGR|Any CPU
		{5DC1D82B-36A0-4066-B9A9-CBCF75F92DF8}.UATSGR|Any CPU.Build.0 = UATSGR|Any CPU
		{417FA7E6-F744-4D72-B6FD-A0FB6EB418D3}.Debug|Any CPU.ActiveCfg = Debug|Any CPU
		{417FA7E6-F744-4D72-B6FD-A0FB6EB418D3}.Debug|Any CPU.Build.0 = Debug|Any CPU
		{417FA7E6-F744-4D72-B6FD-A0FB6EB418D3}.Dev|Any CPU.ActiveCfg = Dev|Any CPU
		{417FA7E6-F744-4D72-B6FD-A0FB6EB418D3}.Dev|Any CPU.Build.0 = Dev|Any CPU
		{417FA7E6-F744-4D72-B6FD-A0FB6EB418D3}.DevNT|Any CPU.ActiveCfg = DevNT|Any CPU
		{417FA7E6-F744-4D72-B6FD-A0FB6EB418D3}.DevNT|Any CPU.Build.0 = DevNT|Any CPU
		{417FA7E6-F744-4D72-B6FD-A0FB6EB418D3}.Local|Any CPU.ActiveCfg = Local|Any CPU
		{417FA7E6-F744-4D72-B6FD-A0FB6EB418D3}.Local|Any CPU.Build.0 = Local|Any CPU
		{417FA7E6-F744-4D72-B6FD-A0FB6EB418D3}.QA|Any CPU.ActiveCfg = QA|Any CPU
		{417FA7E6-F744-4D72-B6FD-A0FB6EB418D3}.QA|Any CPU.Build.0 = QA|Any CPU
		{417FA7E6-F744-4D72-B6FD-A0FB6EB418D3}.QA2|Any CPU.ActiveCfg = QA2|Any CPU
		{417FA7E6-F744-4D72-B6FD-A0FB6EB418D3}.QA2|Any CPU.Build.0 = QA2|Any CPU
		{417FA7E6-F744-4D72-B6FD-A0FB6EB418D3}.QA3|Any CPU.ActiveCfg = QA3|Any CPU
		{417FA7E6-F744-4D72-B6FD-A0FB6EB418D3}.QA3|Any CPU.Build.0 = QA3|Any CPU
		{417FA7E6-F744-4D72-B6FD-A0FB6EB418D3}.QA4|Any CPU.ActiveCfg = QA4|Any CPU
		{417FA7E6-F744-4D72-B6FD-A0FB6EB418D3}.QA4|Any CPU.Build.0 = QA4|Any CPU
		{417FA7E6-F744-4D72-B6FD-A0FB6EB418D3}.Release|Any CPU.ActiveCfg = Release|Any CPU
		{417FA7E6-F744-4D72-B6FD-A0FB6EB418D3}.Release|Any CPU.Build.0 = Release|Any CPU
		{417FA7E6-F744-4D72-B6FD-A0FB6EB418D3}.SGR|Any CPU.ActiveCfg = SGR|Any CPU
		{417FA7E6-F744-4D72-B6FD-A0FB6EB418D3}.SGR|Any CPU.Build.0 = SGR|Any CPU
		{417FA7E6-F744-4D72-B6FD-A0FB6EB418D3}.UAT|Any CPU.ActiveCfg = UAT|Any CPU
		{417FA7E6-F744-4D72-B6FD-A0FB6EB418D3}.UAT|Any CPU.Build.0 = UAT|Any CPU
		{417FA7E6-F744-4D72-B6FD-A0FB6EB418D3}.UatNT|Any CPU.ActiveCfg = UatNT|Any CPU
		{417FA7E6-F744-4D72-B6FD-A0FB6EB418D3}.UatNT|Any CPU.Build.0 = UatNT|Any CPU
		{417FA7E6-F744-4D72-B6FD-A0FB6EB418D3}.UATSGR|Any CPU.ActiveCfg = UATSGR|Any CPU
		{417FA7E6-F744-4D72-B6FD-A0FB6EB418D3}.UATSGR|Any CPU.Build.0 = UATSGR|Any CPU
		{48547BCF-3EAF-441E-A193-546726BBDF0A}.Debug|Any CPU.ActiveCfg = Debug|Any CPU
		{48547BCF-3EAF-441E-A193-546726BBDF0A}.Debug|Any CPU.Build.0 = Debug|Any CPU
		{48547BCF-3EAF-441E-A193-546726BBDF0A}.Dev|Any CPU.ActiveCfg = Debug|Any CPU
		{48547BCF-3EAF-441E-A193-546726BBDF0A}.Dev|Any CPU.Build.0 = Debug|Any CPU
		{48547BCF-3EAF-441E-A193-546726BBDF0A}.DevNT|Any CPU.ActiveCfg = DevNT|Any CPU
		{48547BCF-3EAF-441E-A193-546726BBDF0A}.DevNT|Any CPU.Build.0 = DevNT|Any CPU
		{48547BCF-3EAF-441E-A193-546726BBDF0A}.Local|Any CPU.ActiveCfg = Local|Any CPU
		{48547BCF-3EAF-441E-A193-546726BBDF0A}.Local|Any CPU.Build.0 = Local|Any CPU
		{48547BCF-3EAF-441E-A193-546726BBDF0A}.QA|Any CPU.ActiveCfg = Release|Any CPU
		{48547BCF-3EAF-441E-A193-546726BBDF0A}.QA|Any CPU.Build.0 = Release|Any CPU
		{48547BCF-3EAF-441E-A193-546726BBDF0A}.QA2|Any CPU.ActiveCfg = QA2|Any CPU
		{48547BCF-3EAF-441E-A193-546726BBDF0A}.QA2|Any CPU.Build.0 = QA2|Any CPU
		{48547BCF-3EAF-441E-A193-546726BBDF0A}.QA3|Any CPU.ActiveCfg = QA3|Any CPU
		{48547BCF-3EAF-441E-A193-546726BBDF0A}.QA3|Any CPU.Build.0 = QA3|Any CPU
		{48547BCF-3EAF-441E-A193-546726BBDF0A}.QA4|Any CPU.ActiveCfg = QA4|Any CPU
		{48547BCF-3EAF-441E-A193-546726BBDF0A}.QA4|Any CPU.Build.0 = QA4|Any CPU
		{48547BCF-3EAF-441E-A193-546726BBDF0A}.Release|Any CPU.ActiveCfg = Release|Any CPU
		{48547BCF-3EAF-441E-A193-546726BBDF0A}.Release|Any CPU.Build.0 = Release|Any CPU
		{48547BCF-3EAF-441E-A193-546726BBDF0A}.SGR|Any CPU.ActiveCfg = SGR|Any CPU
		{48547BCF-3EAF-441E-A193-546726BBDF0A}.SGR|Any CPU.Build.0 = SGR|Any CPU
		{48547BCF-3EAF-441E-A193-546726BBDF0A}.UAT|Any CPU.ActiveCfg = Release|Any CPU
		{48547BCF-3EAF-441E-A193-546726BBDF0A}.UAT|Any CPU.Build.0 = Release|Any CPU
		{48547BCF-3EAF-441E-A193-546726BBDF0A}.UatNT|Any CPU.ActiveCfg = UatNT|Any CPU
		{48547BCF-3EAF-441E-A193-546726BBDF0A}.UatNT|Any CPU.Build.0 = UatNT|Any CPU
		{48547BCF-3EAF-441E-A193-546726BBDF0A}.UATSGR|Any CPU.ActiveCfg = UATSGR|Any CPU
		{48547BCF-3EAF-441E-A193-546726BBDF0A}.UATSGR|Any CPU.Build.0 = UATSGR|Any CPU
		{494B82F2-711C-40D8-B098-551501EFA622}.Debug|Any CPU.ActiveCfg = Debug|Any CPU
		{494B82F2-711C-40D8-B098-551501EFA622}.Debug|Any CPU.Build.0 = Debug|Any CPU
		{494B82F2-711C-40D8-B098-551501EFA622}.Dev|Any CPU.ActiveCfg = Dev|Any CPU
		{494B82F2-711C-40D8-B098-551501EFA622}.Dev|Any CPU.Build.0 = Dev|Any CPU
		{494B82F2-711C-40D8-B098-551501EFA622}.DevNT|Any CPU.ActiveCfg = DevNT|Any CPU
		{494B82F2-711C-40D8-B098-551501EFA622}.DevNT|Any CPU.Build.0 = DevNT|Any CPU
		{494B82F2-711C-40D8-B098-551501EFA622}.Local|Any CPU.ActiveCfg = Local|Any CPU
		{494B82F2-711C-40D8-B098-551501EFA622}.Local|Any CPU.Build.0 = Local|Any CPU
		{494B82F2-711C-40D8-B098-551501EFA622}.QA|Any CPU.ActiveCfg = QA|Any CPU
		{494B82F2-711C-40D8-B098-551501EFA622}.QA|Any CPU.Build.0 = QA|Any CPU
		{494B82F2-711C-40D8-B098-551501EFA622}.QA2|Any CPU.ActiveCfg = QA2|Any CPU
		{494B82F2-711C-40D8-B098-551501EFA622}.QA2|Any CPU.Build.0 = QA2|Any CPU
		{494B82F2-711C-40D8-B098-551501EFA622}.QA3|Any CPU.ActiveCfg = QA3|Any CPU
		{494B82F2-711C-40D8-B098-551501EFA622}.QA3|Any CPU.Build.0 = QA3|Any CPU
		{494B82F2-711C-40D8-B098-551501EFA622}.QA4|Any CPU.ActiveCfg = QA4|Any CPU
		{494B82F2-711C-40D8-B098-551501EFA622}.QA4|Any CPU.Build.0 = QA4|Any CPU
		{494B82F2-711C-40D8-B098-551501EFA622}.Release|Any CPU.ActiveCfg = Release|Any CPU
		{494B82F2-711C-40D8-B098-551501EFA622}.Release|Any CPU.Build.0 = Release|Any CPU
		{494B82F2-711C-40D8-B098-551501EFA622}.SGR|Any CPU.ActiveCfg = SGR|Any CPU
		{494B82F2-711C-40D8-B098-551501EFA622}.SGR|Any CPU.Build.0 = SGR|Any CPU
		{494B82F2-711C-40D8-B098-551501EFA622}.UAT|Any CPU.ActiveCfg = UAT|Any CPU
		{494B82F2-711C-40D8-B098-551501EFA622}.UAT|Any CPU.Build.0 = UAT|Any CPU
		{494B82F2-711C-40D8-B098-551501EFA622}.UatNT|Any CPU.ActiveCfg = UatNT|Any CPU
		{494B82F2-711C-40D8-B098-551501EFA622}.UatNT|Any CPU.Build.0 = UatNT|Any CPU
		{494B82F2-711C-40D8-B098-551501EFA622}.UATSGR|Any CPU.ActiveCfg = UATSGR|Any CPU
		{494B82F2-711C-40D8-B098-551501EFA622}.UATSGR|Any CPU.Build.0 = UATSGR|Any CPU
		{E912E815-02AD-44D6-AA11-B826185806D2}.Debug|Any CPU.ActiveCfg = Debug|Any CPU
		{E912E815-02AD-44D6-AA11-B826185806D2}.Debug|Any CPU.Build.0 = Debug|Any CPU
		{E912E815-02AD-44D6-AA11-B826185806D2}.Dev|Any CPU.ActiveCfg = Dev|Any CPU
		{E912E815-02AD-44D6-AA11-B826185806D2}.Dev|Any CPU.Build.0 = Dev|Any CPU
		{E912E815-02AD-44D6-AA11-B826185806D2}.DevNT|Any CPU.ActiveCfg = DevNT|Any CPU
		{E912E815-02AD-44D6-AA11-B826185806D2}.DevNT|Any CPU.Build.0 = DevNT|Any CPU
		{E912E815-02AD-44D6-AA11-B826185806D2}.Local|Any CPU.ActiveCfg = Local|Any CPU
		{E912E815-02AD-44D6-AA11-B826185806D2}.Local|Any CPU.Build.0 = Local|Any CPU
		{E912E815-02AD-44D6-AA11-B826185806D2}.QA|Any CPU.ActiveCfg = QA|Any CPU
		{E912E815-02AD-44D6-AA11-B826185806D2}.QA|Any CPU.Build.0 = QA|Any CPU
		{E912E815-02AD-44D6-AA11-B826185806D2}.QA2|Any CPU.ActiveCfg = QA2|Any CPU
		{E912E815-02AD-44D6-AA11-B826185806D2}.QA2|Any CPU.Build.0 = QA2|Any CPU
		{E912E815-02AD-44D6-AA11-B826185806D2}.QA3|Any CPU.ActiveCfg = QA3|Any CPU
		{E912E815-02AD-44D6-AA11-B826185806D2}.QA3|Any CPU.Build.0 = QA3|Any CPU
		{E912E815-02AD-44D6-AA11-B826185806D2}.QA4|Any CPU.ActiveCfg = QA4|Any CPU
		{E912E815-02AD-44D6-AA11-B826185806D2}.QA4|Any CPU.Build.0 = QA4|Any CPU
		{E912E815-02AD-44D6-AA11-B826185806D2}.Release|Any CPU.ActiveCfg = Release|Any CPU
		{E912E815-02AD-44D6-AA11-B826185806D2}.Release|Any CPU.Build.0 = Release|Any CPU
		{E912E815-02AD-44D6-AA11-B826185806D2}.SGR|Any CPU.ActiveCfg = SGR|Any CPU
		{E912E815-02AD-44D6-AA11-B826185806D2}.SGR|Any CPU.Build.0 = SGR|Any CPU
		{E912E815-02AD-44D6-AA11-B826185806D2}.UAT|Any CPU.ActiveCfg = UAT|Any CPU
		{E912E815-02AD-44D6-AA11-B826185806D2}.UAT|Any CPU.Build.0 = UAT|Any CPU
		{E912E815-02AD-44D6-AA11-B826185806D2}.UatNT|Any CPU.ActiveCfg = UatNT|Any CPU
		{E912E815-02AD-44D6-AA11-B826185806D2}.UatNT|Any CPU.Build.0 = UatNT|Any CPU
		{E912E815-02AD-44D6-AA11-B826185806D2}.UATSGR|Any CPU.ActiveCfg = UATSGR|Any CPU
		{E912E815-02AD-44D6-AA11-B826185806D2}.UATSGR|Any CPU.Build.0 = UATSGR|Any CPU
		{6643242F-6144-41F7-8AED-7227DA6835A3}.Debug|Any CPU.ActiveCfg = Debug|Any CPU
		{6643242F-6144-41F7-8AED-7227DA6835A3}.Debug|Any CPU.Build.0 = Debug|Any CPU
		{6643242F-6144-41F7-8AED-7227DA6835A3}.Dev|Any CPU.ActiveCfg = Dev|Any CPU
		{6643242F-6144-41F7-8AED-7227DA6835A3}.Dev|Any CPU.Build.0 = Dev|Any CPU
		{6643242F-6144-41F7-8AED-7227DA6835A3}.DevNT|Any CPU.ActiveCfg = DevNT|Any CPU
		{6643242F-6144-41F7-8AED-7227DA6835A3}.DevNT|Any CPU.Build.0 = DevNT|Any CPU
		{6643242F-6144-41F7-8AED-7227DA6835A3}.Local|Any CPU.ActiveCfg = Local|Any CPU
		{6643242F-6144-41F7-8AED-7227DA6835A3}.Local|Any CPU.Build.0 = Local|Any CPU
		{6643242F-6144-41F7-8AED-7227DA6835A3}.QA|Any CPU.ActiveCfg = QA|Any CPU
		{6643242F-6144-41F7-8AED-7227DA6835A3}.QA|Any CPU.Build.0 = QA|Any CPU
		{6643242F-6144-41F7-8AED-7227DA6835A3}.QA2|Any CPU.ActiveCfg = QA2|Any CPU
		{6643242F-6144-41F7-8AED-7227DA6835A3}.QA2|Any CPU.Build.0 = QA2|Any CPU
		{6643242F-6144-41F7-8AED-7227DA6835A3}.QA3|Any CPU.ActiveCfg = QA3|Any CPU
		{6643242F-6144-41F7-8AED-7227DA6835A3}.QA3|Any CPU.Build.0 = QA3|Any CPU
		{6643242F-6144-41F7-8AED-7227DA6835A3}.QA4|Any CPU.ActiveCfg = QA4|Any CPU
		{6643242F-6144-41F7-8AED-7227DA6835A3}.QA4|Any CPU.Build.0 = QA4|Any CPU
		{6643242F-6144-41F7-8AED-7227DA6835A3}.Release|Any CPU.ActiveCfg = Release|Any CPU
		{6643242F-6144-41F7-8AED-7227DA6835A3}.Release|Any CPU.Build.0 = Release|Any CPU
		{6643242F-6144-41F7-8AED-7227DA6835A3}.SGR|Any CPU.ActiveCfg = SGR|Any CPU
		{6643242F-6144-41F7-8AED-7227DA6835A3}.SGR|Any CPU.Build.0 = SGR|Any CPU
		{6643242F-6144-41F7-8AED-7227DA6835A3}.UAT|Any CPU.ActiveCfg = UAT|Any CPU
		{6643242F-6144-41F7-8AED-7227DA6835A3}.UAT|Any CPU.Build.0 = UAT|Any CPU
		{6643242F-6144-41F7-8AED-7227DA6835A3}.UatNT|Any CPU.ActiveCfg = UatNT|Any CPU
		{6643242F-6144-41F7-8AED-7227DA6835A3}.UatNT|Any CPU.Build.0 = UatNT|Any CPU
		{6643242F-6144-41F7-8AED-7227DA6835A3}.UATSGR|Any CPU.ActiveCfg = UATSGR|Any CPU
		{6643242F-6144-41F7-8AED-7227DA6835A3}.UATSGR|Any CPU.Build.0 = UATSGR|Any CPU
		{0F6B6636-A70B-407D-AFED-3E34FA8D76B0}.Debug|Any CPU.ActiveCfg = Debug|Any CPU
		{0F6B6636-A70B-407D-AFED-3E34FA8D76B0}.Debug|Any CPU.Build.0 = Debug|Any CPU
		{0F6B6636-A70B-407D-AFED-3E34FA8D76B0}.Dev|Any CPU.ActiveCfg = Dev|Any CPU
		{0F6B6636-A70B-407D-AFED-3E34FA8D76B0}.Dev|Any CPU.Build.0 = Dev|Any CPU
		{0F6B6636-A70B-407D-AFED-3E34FA8D76B0}.DevNT|Any CPU.ActiveCfg = DevNT|Any CPU
		{0F6B6636-A70B-407D-AFED-3E34FA8D76B0}.DevNT|Any CPU.Build.0 = DevNT|Any CPU
		{0F6B6636-A70B-407D-AFED-3E34FA8D76B0}.Local|Any CPU.ActiveCfg = Local|Any CPU
		{0F6B6636-A70B-407D-AFED-3E34FA8D76B0}.Local|Any CPU.Build.0 = Local|Any CPU
		{0F6B6636-A70B-407D-AFED-3E34FA8D76B0}.QA|Any CPU.ActiveCfg = QA|Any CPU
		{0F6B6636-A70B-407D-AFED-3E34FA8D76B0}.QA|Any CPU.Build.0 = QA|Any CPU
		{0F6B6636-A70B-407D-AFED-3E34FA8D76B0}.QA2|Any CPU.ActiveCfg = QA2|Any CPU
		{0F6B6636-A70B-407D-AFED-3E34FA8D76B0}.QA2|Any CPU.Build.0 = QA2|Any CPU
		{0F6B6636-A70B-407D-AFED-3E34FA8D76B0}.QA3|Any CPU.ActiveCfg = QA3|Any CPU
		{0F6B6636-A70B-407D-AFED-3E34FA8D76B0}.QA3|Any CPU.Build.0 = QA3|Any CPU
		{0F6B6636-A70B-407D-AFED-3E34FA8D76B0}.QA4|Any CPU.ActiveCfg = QA4|Any CPU
		{0F6B6636-A70B-407D-AFED-3E34FA8D76B0}.QA4|Any CPU.Build.0 = QA4|Any CPU
		{0F6B6636-A70B-407D-AFED-3E34FA8D76B0}.Release|Any CPU.ActiveCfg = Release|Any CPU
		{0F6B6636-A70B-407D-AFED-3E34FA8D76B0}.Release|Any CPU.Build.0 = Release|Any CPU
		{0F6B6636-A70B-407D-AFED-3E34FA8D76B0}.SGR|Any CPU.ActiveCfg = SGR|Any CPU
		{0F6B6636-A70B-407D-AFED-3E34FA8D76B0}.SGR|Any CPU.Build.0 = SGR|Any CPU
		{0F6B6636-A70B-407D-AFED-3E34FA8D76B0}.UAT|Any CPU.ActiveCfg = UAT|Any CPU
		{0F6B6636-A70B-407D-AFED-3E34FA8D76B0}.UAT|Any CPU.Build.0 = UAT|Any CPU
		{0F6B6636-A70B-407D-AFED-3E34FA8D76B0}.UatNT|Any CPU.ActiveCfg = UatNT|Any CPU
		{0F6B6636-A70B-407D-AFED-3E34FA8D76B0}.UatNT|Any CPU.Build.0 = UatNT|Any CPU
		{0F6B6636-A70B-407D-AFED-3E34FA8D76B0}.UATSGR|Any CPU.ActiveCfg = UATSGR|Any CPU
		{0F6B6636-A70B-407D-AFED-3E34FA8D76B0}.UATSGR|Any CPU.Build.0 = UATSGR|Any CPU
		{FC73B8A2-BA5C-4172-B927-1828C024DCC1}.Debug|Any CPU.ActiveCfg = Debug|Any CPU
		{FC73B8A2-BA5C-4172-B927-1828C024DCC1}.Debug|Any CPU.Build.0 = Debug|Any CPU
		{FC73B8A2-BA5C-4172-B927-1828C024DCC1}.Dev|Any CPU.ActiveCfg = DevNT|Any CPU
		{FC73B8A2-BA5C-4172-B927-1828C024DCC1}.Dev|Any CPU.Build.0 = DevNT|Any CPU
		{FC73B8A2-BA5C-4172-B927-1828C024DCC1}.DevNT|Any CPU.ActiveCfg = DevNT|Any CPU
		{FC73B8A2-BA5C-4172-B927-1828C024DCC1}.DevNT|Any CPU.Build.0 = DevNT|Any CPU
		{FC73B8A2-BA5C-4172-B927-1828C024DCC1}.Local|Any CPU.ActiveCfg = Local|Any CPU
		{FC73B8A2-BA5C-4172-B927-1828C024DCC1}.Local|Any CPU.Build.0 = Local|Any CPU
		{FC73B8A2-BA5C-4172-B927-1828C024DCC1}.QA|Any CPU.ActiveCfg = UatNT|Any CPU
		{FC73B8A2-BA5C-4172-B927-1828C024DCC1}.QA|Any CPU.Build.0 = UatNT|Any CPU
		{FC73B8A2-BA5C-4172-B927-1828C024DCC1}.QA2|Any CPU.ActiveCfg = QA2|Any CPU
		{FC73B8A2-BA5C-4172-B927-1828C024DCC1}.QA2|Any CPU.Build.0 = QA2|Any CPU
		{FC73B8A2-BA5C-4172-B927-1828C024DCC1}.QA3|Any CPU.ActiveCfg = QA3|Any CPU
		{FC73B8A2-BA5C-4172-B927-1828C024DCC1}.QA3|Any CPU.Build.0 = QA3|Any CPU
		{FC73B8A2-BA5C-4172-B927-1828C024DCC1}.QA4|Any CPU.ActiveCfg = QA4|Any CPU
		{FC73B8A2-BA5C-4172-B927-1828C024DCC1}.QA4|Any CPU.Build.0 = QA4|Any CPU
		{FC73B8A2-BA5C-4172-B927-1828C024DCC1}.Release|Any CPU.ActiveCfg = Release|Any CPU
		{FC73B8A2-BA5C-4172-B927-1828C024DCC1}.Release|Any CPU.Build.0 = Release|Any CPU
		{FC73B8A2-BA5C-4172-B927-1828C024DCC1}.SGR|Any CPU.ActiveCfg = SGR|Any CPU
		{FC73B8A2-BA5C-4172-B927-1828C024DCC1}.SGR|Any CPU.Build.0 = SGR|Any CPU
		{FC73B8A2-BA5C-4172-B927-1828C024DCC1}.UAT|Any CPU.ActiveCfg = UatNT|Any CPU
		{FC73B8A2-BA5C-4172-B927-1828C024DCC1}.UAT|Any CPU.Build.0 = UatNT|Any CPU
		{FC73B8A2-BA5C-4172-B927-1828C024DCC1}.UatNT|Any CPU.ActiveCfg = UatNT|Any CPU
		{FC73B8A2-BA5C-4172-B927-1828C024DCC1}.UatNT|Any CPU.Build.0 = UatNT|Any CPU
		{FC73B8A2-BA5C-4172-B927-1828C024DCC1}.UATSGR|Any CPU.ActiveCfg = UATSGR|Any CPU
		{FC73B8A2-BA5C-4172-B927-1828C024DCC1}.UATSGR|Any CPU.Build.0 = UATSGR|Any CPU
	EndGlobalSection
	GlobalSection(SolutionProperties) = preSolution
		HideSolutionNode = FALSE
	EndGlobalSection
	GlobalSection(NestedProjects) = preSolution
		{1240B59E-B6BD-4AD2-A509-C163646F6CE6} = {084BD1F2-29FD-46F2-B35F-6674DF7C7185}
		{B25F5746-AC7A-411A-9CF6-B4D08C147EA4} = {084BD1F2-29FD-46F2-B35F-6674DF7C7185}
		{EF8E601C-783D-4470-A8F8-F07A3463E3B1} = {084BD1F2-29FD-46F2-B35F-6674DF7C7185}
		{8FFDC6BE-E5EA-4DCE-B91C-F22747128A8D} = {084BD1F2-29FD-46F2-B35F-6674DF7C7185}
		{B54C4CB8-E564-49B9-B2D8-38CB8E585F41} = {084BD1F2-29FD-46F2-B35F-6674DF7C7185}
		{C1D6E647-C34D-4DB5-ADA8-6EF5A6527E0C} = {2DB3135E-87FE-4335-8E96-E614DE454EF3}
		{0128ADFA-DFCB-4CBD-AFEE-941388BE7D7D} = {2DB3135E-87FE-4335-8E96-E614DE454EF3}
		{5BE5DD8C-A7BF-430B-A4C4-94A22795D4C2} = {2DB3135E-87FE-4335-8E96-E614DE454EF3}
		{3865D2BB-F1A1-4041-A541-94641694FEB6} = {A07E6030-9FCC-4A52-8157-AFA6D7EBEBF7}
		{3451A44F-3564-425F-B23F-C80391250C85} = {A07E6030-9FCC-4A52-8157-AFA6D7EBEBF7}
		{09D3031D-4E8D-400B-B0DD-5815E073B35B} = {A07E6030-9FCC-4A52-8157-AFA6D7EBEBF7}
		{3B3E24B5-7ADE-41A4-84B5-3F4683DFFA90} = {81B27854-9D48-4921-98B9-D4ABB7FEB8AF}
		{C1345774-D0C4-4626-8E1D-1FB6BA1EBF33} = {81B27854-9D48-4921-98B9-D4ABB7FEB8AF}
		{FFFEC809-9A46-4A64-B32C-8A9DBBC08383} = {81B27854-9D48-4921-98B9-D4ABB7FEB8AF}
		{1DD92927-CFEA-4C6B-9571-47D7CFAD5080} = {A07E6030-9FCC-4A52-8157-AFA6D7EBEBF7}
		{5C3BBC14-EC98-4691-B57B-1CF8D9B03C61} = {A07E6030-9FCC-4A52-8157-AFA6D7EBEBF7}
		{33E29BD9-7BE5-4215-A571-54FFFFE15BDB} = {81B27854-9D48-4921-98B9-D4ABB7FEB8AF}
		{B7DCF056-3271-481F-9AB8-9E301EB79949} = {81B27854-9D48-4921-98B9-D4ABB7FEB8AF}
		{C1E0F593-E010-4932-9FF3-4E0CAE2A71FC} = {7C9CCEFD-88E9-413A-82CB-2CCC6C0B7DDA}
		{DBE1BC0F-E99D-4F10-85FA-59A9D6E95793} = {7C9CCEFD-88E9-413A-82CB-2CCC6C0B7DDA}
		{600D9DA1-E31B-475C-AE02-E6D6419E66E8} = {7C9CCEFD-88E9-413A-82CB-2CCC6C0B7DDA}
		{5DC1D82B-36A0-4066-B9A9-CBCF75F92DF8} = {7C9CCEFD-88E9-413A-82CB-2CCC6C0B7DDA}
		{417FA7E6-F744-4D72-B6FD-A0FB6EB418D3} = {7C9CCEFD-88E9-413A-82CB-2CCC6C0B7DDA}
		{48547BCF-3EAF-441E-A193-546726BBDF0A} = {2DB3135E-87FE-4335-8E96-E614DE454EF3}
		{494B82F2-711C-40D8-B098-551501EFA622} = {5529DD1F-F036-4699-B83F-F29069A8C188}
		{E912E815-02AD-44D6-AA11-B826185806D2} = {5529DD1F-F036-4699-B83F-F29069A8C188}
		{6643242F-6144-41F7-8AED-7227DA6835A3} = {5529DD1F-F036-4699-B83F-F29069A8C188}
		{0F6B6636-A70B-407D-AFED-3E34FA8D76B0} = {5529DD1F-F036-4699-B83F-F29069A8C188}
		{FC73B8A2-BA5C-4172-B927-1828C024DCC1} = {5529DD1F-F036-4699-B83F-F29069A8C188}
	EndGlobalSection
	GlobalSection(ExtensibilityGlobals) = postSolution
		SolutionGuid = {C8C898B9-54BE-4E2A-880C-93CCE70D5C2D}
	EndGlobalSection
EndGlobal
