
Microsoft Visual Studio Solution File, Format Version 12.00
# Visual Studio Version 17
VisualStudioVersion = 17.9.34622.214
MinimumVisualStudioVersion = 10.0.40219.1
Project("{FAE04EC0-301F-11D3-BF4B-00C04F79EFBC}") = "DNP.Backbone.Dominio", "DNP.Backbone.Dominio\DNP.Backbone.Dominio.csproj", "{AC3D2DF0-C366-4029-B8E0-99E3ECC9D4FD}"
EndProject
Project("{FAE04EC0-301F-11D3-BF4B-00C04F79EFBC}") = "DNP.Backbone.Persistencia", "DNP.Backbone.Persistencia\DNP.Backbone.Persistencia.csproj", "{E5ED36D3-F939-495E-BC87-EF5A9C395AA0}"
EndProject
Project("{FAE04EC0-301F-11D3-BF4B-00C04F79EFBC}") = "DNP.Backbone.Servicios", "DNP.Backbone.Servicios\DNP.Backbone.Servicios.csproj", "{20EBE01C-501D-407F-B49B-6104F00EAA06}"
EndProject
Project("{FAE04EC0-301F-11D3-BF4B-00C04F79EFBC}") = "DNP.Backbone.Test", "DNP.Backbone.Test\DNP.Backbone.Test.csproj", "{032D908E-828D-40CE-A83B-FE101B260031}"
EndProject
Project("{FAE04EC0-301F-11D3-BF4B-00C04F79EFBC}") = "DNP.Backbone.Web.API", "DNP.Backbone.Web.API\DNP.Backbone.Web.API.csproj", "{1BEE4BC6-A05B-4211-A02B-488AAD2A9BDF}"
EndProject
Project("{FAE04EC0-301F-11D3-BF4B-00C04F79EFBC}") = "DNP.Backbone.Comunes", "DNP.Backbone.Comunes\DNP.Backbone.Comunes.csproj", "{87A20FF9-1B43-4D3D-88CA-6FA9D92E882D}"
EndProject
Project("{FAE04EC0-301F-11D3-BF4B-00C04F79EFBC}") = "DNP.Backbone.Web.UI", "DNP.Backbone.Web.UI\DNP.Backbone.Web.UI.csproj", "{1C504631-7FB4-4D3C-82DC-F872121DFB9A}"
EndProject
Project("{2150E333-8FDC-42A3-9474-1A3956D46DE8}") = "Publish Profiles", "Publish Profiles", "{D51BD7F6-435F-4D2B-826F-DFF586E8E802}"
	ProjectSection(SolutionItems) = preProject
		Publish Profiles\AS-Backbone-API-QA.PublishSettings = Publish Profiles\AS-Backbone-API-QA.PublishSettings
		Publish Profiles\AS-Backbone-QA.PublishSettings = Publish Profiles\AS-Backbone-QA.PublishSettings
	EndProjectSection
EndProject
Project("{FAE04EC0-301F-11D3-BF4B-00C04F79EFBC}") = "DNP.Backbone.Web.API.Test", "DNP.Backbone.Web.API.Test\DNP.Backbone.Web.API.Test.csproj", "{E54D0C16-7AAC-4E0D-802E-ECE3F1EFF1DA}"
EndProject
Global
	GlobalSection(SolutionConfigurationPlatforms) = preSolution
		Cap|Any CPU = Cap|Any CPU
		Debug|Any CPU = Debug|Any CPU
		DEV|Any CPU = DEV|Any CPU
		DevNT|Any CPU = DevNT|Any CPU
		Local|Any CPU = Local|Any CPU
		PRO|Any CPU = PRO|Any CPU
		QA|Any CPU = QA|Any CPU
		QA2|Any CPU = QA2|Any CPU
		QA3|Any CPU = QA3|Any CPU
		QA4|Any CPU = QA4|Any CPU
		Release|Any CPU = Release|Any CPU
		UAT|Any CPU = UAT|Any CPU
		UatNT|Any CPU = UatNT|Any CPU
		UATSGR|Any CPU = UATSGR|Any CPU
	EndGlobalSection
	GlobalSection(ProjectConfigurationPlatforms) = postSolution
		{AC3D2DF0-C366-4029-B8E0-99E3ECC9D4FD}.Cap|Any CPU.ActiveCfg = Cap|Any CPU
		{AC3D2DF0-C366-4029-B8E0-99E3ECC9D4FD}.Cap|Any CPU.Build.0 = Cap|Any CPU
		{AC3D2DF0-C366-4029-B8E0-99E3ECC9D4FD}.Debug|Any CPU.ActiveCfg = Debug|Any CPU
		{AC3D2DF0-C366-4029-B8E0-99E3ECC9D4FD}.Debug|Any CPU.Build.0 = Debug|Any CPU
		{AC3D2DF0-C366-4029-B8E0-99E3ECC9D4FD}.DEV|Any CPU.ActiveCfg = DEV|Any CPU
		{AC3D2DF0-C366-4029-B8E0-99E3ECC9D4FD}.DEV|Any CPU.Build.0 = DEV|Any CPU
		{AC3D2DF0-C366-4029-B8E0-99E3ECC9D4FD}.DevNT|Any CPU.ActiveCfg = DevNT|Any CPU
		{AC3D2DF0-C366-4029-B8E0-99E3ECC9D4FD}.DevNT|Any CPU.Build.0 = DevNT|Any CPU
		{AC3D2DF0-C366-4029-B8E0-99E3ECC9D4FD}.Local|Any CPU.ActiveCfg = Local|Any CPU
		{AC3D2DF0-C366-4029-B8E0-99E3ECC9D4FD}.Local|Any CPU.Build.0 = Local|Any CPU
		{AC3D2DF0-C366-4029-B8E0-99E3ECC9D4FD}.PRO|Any CPU.ActiveCfg = PRO|Any CPU
		{AC3D2DF0-C366-4029-B8E0-99E3ECC9D4FD}.PRO|Any CPU.Build.0 = PRO|Any CPU
		{AC3D2DF0-C366-4029-B8E0-99E3ECC9D4FD}.QA|Any CPU.ActiveCfg = QA|Any CPU
		{AC3D2DF0-C366-4029-B8E0-99E3ECC9D4FD}.QA|Any CPU.Build.0 = QA|Any CPU
		{AC3D2DF0-C366-4029-B8E0-99E3ECC9D4FD}.QA2|Any CPU.ActiveCfg = QA2|Any CPU
		{AC3D2DF0-C366-4029-B8E0-99E3ECC9D4FD}.QA2|Any CPU.Build.0 = QA2|Any CPU
		{AC3D2DF0-C366-4029-B8E0-99E3ECC9D4FD}.QA3|Any CPU.ActiveCfg = QA3|Any CPU
		{AC3D2DF0-C366-4029-B8E0-99E3ECC9D4FD}.QA3|Any CPU.Build.0 = QA3|Any CPU
		{AC3D2DF0-C366-4029-B8E0-99E3ECC9D4FD}.QA4|Any CPU.ActiveCfg = QA4|Any CPU
		{AC3D2DF0-C366-4029-B8E0-99E3ECC9D4FD}.QA4|Any CPU.Build.0 = QA4|Any CPU
		{AC3D2DF0-C366-4029-B8E0-99E3ECC9D4FD}.Release|Any CPU.ActiveCfg = Release|Any CPU
		{AC3D2DF0-C366-4029-B8E0-99E3ECC9D4FD}.Release|Any CPU.Build.0 = Release|Any CPU
		{AC3D2DF0-C366-4029-B8E0-99E3ECC9D4FD}.UAT|Any CPU.ActiveCfg = UAT|Any CPU
		{AC3D2DF0-C366-4029-B8E0-99E3ECC9D4FD}.UAT|Any CPU.Build.0 = UAT|Any CPU
		{AC3D2DF0-C366-4029-B8E0-99E3ECC9D4FD}.UatNT|Any CPU.ActiveCfg = UatNT|Any CPU
		{AC3D2DF0-C366-4029-B8E0-99E3ECC9D4FD}.UatNT|Any CPU.Build.0 = UatNT|Any CPU
		{AC3D2DF0-C366-4029-B8E0-99E3ECC9D4FD}.UATSGR|Any CPU.ActiveCfg = UATSGR|Any CPU
		{AC3D2DF0-C366-4029-B8E0-99E3ECC9D4FD}.UATSGR|Any CPU.Build.0 = UATSGR|Any CPU
		{E5ED36D3-F939-495E-BC87-EF5A9C395AA0}.Cap|Any CPU.ActiveCfg = Cap|Any CPU
		{E5ED36D3-F939-495E-BC87-EF5A9C395AA0}.Cap|Any CPU.Build.0 = Cap|Any CPU
		{E5ED36D3-F939-495E-BC87-EF5A9C395AA0}.Debug|Any CPU.ActiveCfg = Debug|Any CPU
		{E5ED36D3-F939-495E-BC87-EF5A9C395AA0}.Debug|Any CPU.Build.0 = Debug|Any CPU
		{E5ED36D3-F939-495E-BC87-EF5A9C395AA0}.DEV|Any CPU.ActiveCfg = DEV|Any CPU
		{E5ED36D3-F939-495E-BC87-EF5A9C395AA0}.DEV|Any CPU.Build.0 = DEV|Any CPU
		{E5ED36D3-F939-495E-BC87-EF5A9C395AA0}.DevNT|Any CPU.ActiveCfg = DevNT|Any CPU
		{E5ED36D3-F939-495E-BC87-EF5A9C395AA0}.DevNT|Any CPU.Build.0 = DevNT|Any CPU
		{E5ED36D3-F939-495E-BC87-EF5A9C395AA0}.Local|Any CPU.ActiveCfg = Local|Any CPU
		{E5ED36D3-F939-495E-BC87-EF5A9C395AA0}.Local|Any CPU.Build.0 = Local|Any CPU
		{E5ED36D3-F939-495E-BC87-EF5A9C395AA0}.PRO|Any CPU.ActiveCfg = PRO|Any CPU
		{E5ED36D3-F939-495E-BC87-EF5A9C395AA0}.PRO|Any CPU.Build.0 = PRO|Any CPU
		{E5ED36D3-F939-495E-BC87-EF5A9C395AA0}.QA|Any CPU.ActiveCfg = QA|Any CPU
		{E5ED36D3-F939-495E-BC87-EF5A9C395AA0}.QA|Any CPU.Build.0 = QA|Any CPU
		{E5ED36D3-F939-495E-BC87-EF5A9C395AA0}.QA2|Any CPU.ActiveCfg = QA2|Any CPU
		{E5ED36D3-F939-495E-BC87-EF5A9C395AA0}.QA2|Any CPU.Build.0 = QA2|Any CPU
		{E5ED36D3-F939-495E-BC87-EF5A9C395AA0}.QA3|Any CPU.ActiveCfg = QA3|Any CPU
		{E5ED36D3-F939-495E-BC87-EF5A9C395AA0}.QA3|Any CPU.Build.0 = QA3|Any CPU
		{E5ED36D3-F939-495E-BC87-EF5A9C395AA0}.QA4|Any CPU.ActiveCfg = QA4|Any CPU
		{E5ED36D3-F939-495E-BC87-EF5A9C395AA0}.QA4|Any CPU.Build.0 = QA4|Any CPU
		{E5ED36D3-F939-495E-BC87-EF5A9C395AA0}.Release|Any CPU.ActiveCfg = Release|Any CPU
		{E5ED36D3-F939-495E-BC87-EF5A9C395AA0}.Release|Any CPU.Build.0 = Release|Any CPU
		{E5ED36D3-F939-495E-BC87-EF5A9C395AA0}.UAT|Any CPU.ActiveCfg = UAT|Any CPU
		{E5ED36D3-F939-495E-BC87-EF5A9C395AA0}.UAT|Any CPU.Build.0 = UAT|Any CPU
		{E5ED36D3-F939-495E-BC87-EF5A9C395AA0}.UatNT|Any CPU.ActiveCfg = UatNT|Any CPU
		{E5ED36D3-F939-495E-BC87-EF5A9C395AA0}.UatNT|Any CPU.Build.0 = UatNT|Any CPU
		{E5ED36D3-F939-495E-BC87-EF5A9C395AA0}.UATSGR|Any CPU.ActiveCfg = UATSGR|Any CPU
		{E5ED36D3-F939-495E-BC87-EF5A9C395AA0}.UATSGR|Any CPU.Build.0 = UATSGR|Any CPU
		{20EBE01C-501D-407F-B49B-6104F00EAA06}.Cap|Any CPU.ActiveCfg = Cap|Any CPU
		{20EBE01C-501D-407F-B49B-6104F00EAA06}.Cap|Any CPU.Build.0 = Cap|Any CPU
		{20EBE01C-501D-407F-B49B-6104F00EAA06}.Debug|Any CPU.ActiveCfg = Debug|Any CPU
		{20EBE01C-501D-407F-B49B-6104F00EAA06}.Debug|Any CPU.Build.0 = Debug|Any CPU
		{20EBE01C-501D-407F-B49B-6104F00EAA06}.DEV|Any CPU.ActiveCfg = DEV|Any CPU
		{20EBE01C-501D-407F-B49B-6104F00EAA06}.DEV|Any CPU.Build.0 = DEV|Any CPU
		{20EBE01C-501D-407F-B49B-6104F00EAA06}.DevNT|Any CPU.ActiveCfg = DevNT|Any CPU
		{20EBE01C-501D-407F-B49B-6104F00EAA06}.DevNT|Any CPU.Build.0 = DevNT|Any CPU
		{20EBE01C-501D-407F-B49B-6104F00EAA06}.Local|Any CPU.ActiveCfg = Local|Any CPU
		{20EBE01C-501D-407F-B49B-6104F00EAA06}.Local|Any CPU.Build.0 = Local|Any CPU
		{20EBE01C-501D-407F-B49B-6104F00EAA06}.PRO|Any CPU.ActiveCfg = PRO|Any CPU
		{20EBE01C-501D-407F-B49B-6104F00EAA06}.PRO|Any CPU.Build.0 = PRO|Any CPU
		{20EBE01C-501D-407F-B49B-6104F00EAA06}.QA|Any CPU.ActiveCfg = QA|Any CPU
		{20EBE01C-501D-407F-B49B-6104F00EAA06}.QA|Any CPU.Build.0 = QA|Any CPU
		{20EBE01C-501D-407F-B49B-6104F00EAA06}.QA2|Any CPU.ActiveCfg = QA2|Any CPU
		{20EBE01C-501D-407F-B49B-6104F00EAA06}.QA2|Any CPU.Build.0 = QA2|Any CPU
		{20EBE01C-501D-407F-B49B-6104F00EAA06}.QA3|Any CPU.ActiveCfg = QA3|Any CPU
		{20EBE01C-501D-407F-B49B-6104F00EAA06}.QA3|Any CPU.Build.0 = QA3|Any CPU
		{20EBE01C-501D-407F-B49B-6104F00EAA06}.QA4|Any CPU.ActiveCfg = QA4|Any CPU
		{20EBE01C-501D-407F-B49B-6104F00EAA06}.QA4|Any CPU.Build.0 = QA4|Any CPU
		{20EBE01C-501D-407F-B49B-6104F00EAA06}.Release|Any CPU.ActiveCfg = Release|Any CPU
		{20EBE01C-501D-407F-B49B-6104F00EAA06}.Release|Any CPU.Build.0 = Release|Any CPU
		{20EBE01C-501D-407F-B49B-6104F00EAA06}.UAT|Any CPU.ActiveCfg = UAT|Any CPU
		{20EBE01C-501D-407F-B49B-6104F00EAA06}.UAT|Any CPU.Build.0 = UAT|Any CPU
		{20EBE01C-501D-407F-B49B-6104F00EAA06}.UatNT|Any CPU.ActiveCfg = UatNT|Any CPU
		{20EBE01C-501D-407F-B49B-6104F00EAA06}.UatNT|Any CPU.Build.0 = UatNT|Any CPU
		{20EBE01C-501D-407F-B49B-6104F00EAA06}.UATSGR|Any CPU.ActiveCfg = UATSGR|Any CPU
		{20EBE01C-501D-407F-B49B-6104F00EAA06}.UATSGR|Any CPU.Build.0 = UATSGR|Any CPU
		{032D908E-828D-40CE-A83B-FE101B260031}.Cap|Any CPU.ActiveCfg = Cap|Any CPU
		{032D908E-828D-40CE-A83B-FE101B260031}.Debug|Any CPU.ActiveCfg = Debug|Any CPU
		{032D908E-828D-40CE-A83B-FE101B260031}.Debug|Any CPU.Build.0 = Debug|Any CPU
		{032D908E-828D-40CE-A83B-FE101B260031}.DEV|Any CPU.ActiveCfg = DEV|Any CPU
		{032D908E-828D-40CE-A83B-FE101B260031}.DEV|Any CPU.Build.0 = DEV|Any CPU
		{032D908E-828D-40CE-A83B-FE101B260031}.DevNT|Any CPU.ActiveCfg = DevNT|Any CPU
		{032D908E-828D-40CE-A83B-FE101B260031}.DevNT|Any CPU.Build.0 = DevNT|Any CPU
		{032D908E-828D-40CE-A83B-FE101B260031}.Local|Any CPU.ActiveCfg = Local|Any CPU
		{032D908E-828D-40CE-A83B-FE101B260031}.PRO|Any CPU.ActiveCfg = PRO|Any CPU
		{032D908E-828D-40CE-A83B-FE101B260031}.PRO|Any CPU.Build.0 = PRO|Any CPU
		{032D908E-828D-40CE-A83B-FE101B260031}.QA|Any CPU.ActiveCfg = QA|Any CPU
		{032D908E-828D-40CE-A83B-FE101B260031}.QA|Any CPU.Build.0 = QA|Any CPU
		{032D908E-828D-40CE-A83B-FE101B260031}.QA2|Any CPU.ActiveCfg = QA2|Any CPU
		{032D908E-828D-40CE-A83B-FE101B260031}.QA2|Any CPU.Build.0 = QA2|Any CPU
		{032D908E-828D-40CE-A83B-FE101B260031}.QA3|Any CPU.ActiveCfg = QA3|Any CPU
		{032D908E-828D-40CE-A83B-FE101B260031}.QA3|Any CPU.Build.0 = QA3|Any CPU
		{032D908E-828D-40CE-A83B-FE101B260031}.QA4|Any CPU.ActiveCfg = QA4|Any CPU
		{032D908E-828D-40CE-A83B-FE101B260031}.QA4|Any CPU.Build.0 = QA4|Any CPU
		{032D908E-828D-40CE-A83B-FE101B260031}.Release|Any CPU.ActiveCfg = Release|Any CPU
		{032D908E-828D-40CE-A83B-FE101B260031}.Release|Any CPU.Build.0 = Release|Any CPU
		{032D908E-828D-40CE-A83B-FE101B260031}.UAT|Any CPU.ActiveCfg = UAT|Any CPU
		{032D908E-828D-40CE-A83B-FE101B260031}.UAT|Any CPU.Build.0 = UAT|Any CPU
		{032D908E-828D-40CE-A83B-FE101B260031}.UatNT|Any CPU.ActiveCfg = UatNT|Any CPU
		{032D908E-828D-40CE-A83B-FE101B260031}.UatNT|Any CPU.Build.0 = UatNT|Any CPU
		{032D908E-828D-40CE-A83B-FE101B260031}.UATSGR|Any CPU.ActiveCfg = UATSGR|Any CPU
		{032D908E-828D-40CE-A83B-FE101B260031}.UATSGR|Any CPU.Build.0 = UATSGR|Any CPU
		{1BEE4BC6-A05B-4211-A02B-488AAD2A9BDF}.Cap|Any CPU.ActiveCfg = Cap|Any CPU
		{1BEE4BC6-A05B-4211-A02B-488AAD2A9BDF}.Cap|Any CPU.Build.0 = Cap|Any CPU
		{1BEE4BC6-A05B-4211-A02B-488AAD2A9BDF}.Debug|Any CPU.ActiveCfg = Debug|Any CPU
		{1BEE4BC6-A05B-4211-A02B-488AAD2A9BDF}.Debug|Any CPU.Build.0 = Debug|Any CPU
		{1BEE4BC6-A05B-4211-A02B-488AAD2A9BDF}.DEV|Any CPU.ActiveCfg = DEV|Any CPU
		{1BEE4BC6-A05B-4211-A02B-488AAD2A9BDF}.DEV|Any CPU.Build.0 = DEV|Any CPU
		{1BEE4BC6-A05B-4211-A02B-488AAD2A9BDF}.DevNT|Any CPU.ActiveCfg = DevNT|Any CPU
		{1BEE4BC6-A05B-4211-A02B-488AAD2A9BDF}.DevNT|Any CPU.Build.0 = DevNT|Any CPU
		{1BEE4BC6-A05B-4211-A02B-488AAD2A9BDF}.Local|Any CPU.ActiveCfg = Local|Any CPU
		{1BEE4BC6-A05B-4211-A02B-488AAD2A9BDF}.Local|Any CPU.Build.0 = Local|Any CPU
		{1BEE4BC6-A05B-4211-A02B-488AAD2A9BDF}.PRO|Any CPU.ActiveCfg = PRO|Any CPU
		{1BEE4BC6-A05B-4211-A02B-488AAD2A9BDF}.PRO|Any CPU.Build.0 = PRO|Any CPU
		{1BEE4BC6-A05B-4211-A02B-488AAD2A9BDF}.QA|Any CPU.ActiveCfg = QA|Any CPU
		{1BEE4BC6-A05B-4211-A02B-488AAD2A9BDF}.QA|Any CPU.Build.0 = QA|Any CPU
		{1BEE4BC6-A05B-4211-A02B-488AAD2A9BDF}.QA2|Any CPU.ActiveCfg = QA2|Any CPU
		{1BEE4BC6-A05B-4211-A02B-488AAD2A9BDF}.QA2|Any CPU.Build.0 = QA2|Any CPU
		{1BEE4BC6-A05B-4211-A02B-488AAD2A9BDF}.QA3|Any CPU.ActiveCfg = QA3|Any CPU
		{1BEE4BC6-A05B-4211-A02B-488AAD2A9BDF}.QA3|Any CPU.Build.0 = QA3|Any CPU
		{1BEE4BC6-A05B-4211-A02B-488AAD2A9BDF}.QA4|Any CPU.ActiveCfg = QA4|Any CPU
		{1BEE4BC6-A05B-4211-A02B-488AAD2A9BDF}.QA4|Any CPU.Build.0 = QA4|Any CPU
		{1BEE4BC6-A05B-4211-A02B-488AAD2A9BDF}.Release|Any CPU.ActiveCfg = Release|Any CPU
		{1BEE4BC6-A05B-4211-A02B-488AAD2A9BDF}.Release|Any CPU.Build.0 = Release|Any CPU
		{1BEE4BC6-A05B-4211-A02B-488AAD2A9BDF}.UAT|Any CPU.ActiveCfg = UAT|Any CPU
		{1BEE4BC6-A05B-4211-A02B-488AAD2A9BDF}.UAT|Any CPU.Build.0 = UAT|Any CPU
		{1BEE4BC6-A05B-4211-A02B-488AAD2A9BDF}.UatNT|Any CPU.ActiveCfg = UatNT|Any CPU
		{1BEE4BC6-A05B-4211-A02B-488AAD2A9BDF}.UatNT|Any CPU.Build.0 = UatNT|Any CPU
		{1BEE4BC6-A05B-4211-A02B-488AAD2A9BDF}.UATSGR|Any CPU.ActiveCfg = UATSGR|Any CPU
		{1BEE4BC6-A05B-4211-A02B-488AAD2A9BDF}.UATSGR|Any CPU.Build.0 = UATSGR|Any CPU
		{87A20FF9-1B43-4D3D-88CA-6FA9D92E882D}.Cap|Any CPU.ActiveCfg = Cap|Any CPU
		{87A20FF9-1B43-4D3D-88CA-6FA9D92E882D}.Cap|Any CPU.Build.0 = Cap|Any CPU
		{87A20FF9-1B43-4D3D-88CA-6FA9D92E882D}.Debug|Any CPU.ActiveCfg = Debug|Any CPU
		{87A20FF9-1B43-4D3D-88CA-6FA9D92E882D}.Debug|Any CPU.Build.0 = Debug|Any CPU
		{87A20FF9-1B43-4D3D-88CA-6FA9D92E882D}.DEV|Any CPU.ActiveCfg = DEV|Any CPU
		{87A20FF9-1B43-4D3D-88CA-6FA9D92E882D}.DEV|Any CPU.Build.0 = DEV|Any CPU
		{87A20FF9-1B43-4D3D-88CA-6FA9D92E882D}.DevNT|Any CPU.ActiveCfg = DevNT|Any CPU
		{87A20FF9-1B43-4D3D-88CA-6FA9D92E882D}.DevNT|Any CPU.Build.0 = DevNT|Any CPU
		{87A20FF9-1B43-4D3D-88CA-6FA9D92E882D}.Local|Any CPU.ActiveCfg = Local|Any CPU
		{87A20FF9-1B43-4D3D-88CA-6FA9D92E882D}.Local|Any CPU.Build.0 = Local|Any CPU
		{87A20FF9-1B43-4D3D-88CA-6FA9D92E882D}.PRO|Any CPU.ActiveCfg = PRO|Any CPU
		{87A20FF9-1B43-4D3D-88CA-6FA9D92E882D}.PRO|Any CPU.Build.0 = PRO|Any CPU
		{87A20FF9-1B43-4D3D-88CA-6FA9D92E882D}.QA|Any CPU.ActiveCfg = QA|Any CPU
		{87A20FF9-1B43-4D3D-88CA-6FA9D92E882D}.QA|Any CPU.Build.0 = QA|Any CPU
		{87A20FF9-1B43-4D3D-88CA-6FA9D92E882D}.QA2|Any CPU.ActiveCfg = QA2|Any CPU
		{87A20FF9-1B43-4D3D-88CA-6FA9D92E882D}.QA2|Any CPU.Build.0 = QA2|Any CPU
		{87A20FF9-1B43-4D3D-88CA-6FA9D92E882D}.QA3|Any CPU.ActiveCfg = QA3|Any CPU
		{87A20FF9-1B43-4D3D-88CA-6FA9D92E882D}.QA3|Any CPU.Build.0 = QA3|Any CPU
		{87A20FF9-1B43-4D3D-88CA-6FA9D92E882D}.QA4|Any CPU.ActiveCfg = QA4|Any CPU
		{87A20FF9-1B43-4D3D-88CA-6FA9D92E882D}.QA4|Any CPU.Build.0 = QA4|Any CPU
		{87A20FF9-1B43-4D3D-88CA-6FA9D92E882D}.Release|Any CPU.ActiveCfg = Release|Any CPU
		{87A20FF9-1B43-4D3D-88CA-6FA9D92E882D}.Release|Any CPU.Build.0 = Release|Any CPU
		{87A20FF9-1B43-4D3D-88CA-6FA9D92E882D}.UAT|Any CPU.ActiveCfg = UAT|Any CPU
		{87A20FF9-1B43-4D3D-88CA-6FA9D92E882D}.UAT|Any CPU.Build.0 = UAT|Any CPU
		{87A20FF9-1B43-4D3D-88CA-6FA9D92E882D}.UatNT|Any CPU.ActiveCfg = UatNT|Any CPU
		{87A20FF9-1B43-4D3D-88CA-6FA9D92E882D}.UatNT|Any CPU.Build.0 = UatNT|Any CPU
		{87A20FF9-1B43-4D3D-88CA-6FA9D92E882D}.UATSGR|Any CPU.ActiveCfg = UATSGR|Any CPU
		{87A20FF9-1B43-4D3D-88CA-6FA9D92E882D}.UATSGR|Any CPU.Build.0 = UATSGR|Any CPU
		{1C504631-7FB4-4D3C-82DC-F872121DFB9A}.Cap|Any CPU.ActiveCfg = Cap|Any CPU
		{1C504631-7FB4-4D3C-82DC-F872121DFB9A}.Cap|Any CPU.Build.0 = Cap|Any CPU
		{1C504631-7FB4-4D3C-82DC-F872121DFB9A}.Debug|Any CPU.ActiveCfg = Debug|Any CPU
		{1C504631-7FB4-4D3C-82DC-F872121DFB9A}.Debug|Any CPU.Build.0 = Debug|Any CPU
		{1C504631-7FB4-4D3C-82DC-F872121DFB9A}.DEV|Any CPU.ActiveCfg = Dev|Any CPU
		{1C504631-7FB4-4D3C-82DC-F872121DFB9A}.DEV|Any CPU.Build.0 = Dev|Any CPU
		{1C504631-7FB4-4D3C-82DC-F872121DFB9A}.DevNT|Any CPU.ActiveCfg = DevNT|Any CPU
		{1C504631-7FB4-4D3C-82DC-F872121DFB9A}.DevNT|Any CPU.Build.0 = DevNT|Any CPU
		{1C504631-7FB4-4D3C-82DC-F872121DFB9A}.Local|Any CPU.ActiveCfg = Local|Any CPU
		{1C504631-7FB4-4D3C-82DC-F872121DFB9A}.Local|Any CPU.Build.0 = Local|Any CPU
		{1C504631-7FB4-4D3C-82DC-F872121DFB9A}.PRO|Any CPU.ActiveCfg = PRO|Any CPU
		{1C504631-7FB4-4D3C-82DC-F872121DFB9A}.PRO|Any CPU.Build.0 = PRO|Any CPU
		{1C504631-7FB4-4D3C-82DC-F872121DFB9A}.QA|Any CPU.ActiveCfg = QA|Any CPU
		{1C504631-7FB4-4D3C-82DC-F872121DFB9A}.QA|Any CPU.Build.0 = QA|Any CPU
		{1C504631-7FB4-4D3C-82DC-F872121DFB9A}.QA2|Any CPU.ActiveCfg = QA2|Any CPU
		{1C504631-7FB4-4D3C-82DC-F872121DFB9A}.QA2|Any CPU.Build.0 = QA2|Any CPU
		{1C504631-7FB4-4D3C-82DC-F872121DFB9A}.QA3|Any CPU.ActiveCfg = QA3|Any CPU
		{1C504631-7FB4-4D3C-82DC-F872121DFB9A}.QA3|Any CPU.Build.0 = QA3|Any CPU
		{1C504631-7FB4-4D3C-82DC-F872121DFB9A}.QA4|Any CPU.ActiveCfg = QA4|Any CPU
		{1C504631-7FB4-4D3C-82DC-F872121DFB9A}.QA4|Any CPU.Build.0 = QA4|Any CPU
		{1C504631-7FB4-4D3C-82DC-F872121DFB9A}.Release|Any CPU.ActiveCfg = Release|Any CPU
		{1C504631-7FB4-4D3C-82DC-F872121DFB9A}.Release|Any CPU.Build.0 = Release|Any CPU
		{1C504631-7FB4-4D3C-82DC-F872121DFB9A}.UAT|Any CPU.ActiveCfg = UAT|Any CPU
		{1C504631-7FB4-4D3C-82DC-F872121DFB9A}.UAT|Any CPU.Build.0 = UAT|Any CPU
		{1C504631-7FB4-4D3C-82DC-F872121DFB9A}.UatNT|Any CPU.ActiveCfg = UatNT|Any CPU
		{1C504631-7FB4-4D3C-82DC-F872121DFB9A}.UatNT|Any CPU.Build.0 = UatNT|Any CPU
		{1C504631-7FB4-4D3C-82DC-F872121DFB9A}.UATSGR|Any CPU.ActiveCfg = UATSGR|Any CPU
		{1C504631-7FB4-4D3C-82DC-F872121DFB9A}.UATSGR|Any CPU.Build.0 = UATSGR|Any CPU
		{E54D0C16-7AAC-4E0D-802E-ECE3F1EFF1DA}.Cap|Any CPU.ActiveCfg = Cap|Any CPU
		{E54D0C16-7AAC-4E0D-802E-ECE3F1EFF1DA}.Debug|Any CPU.ActiveCfg = Debug|Any CPU
		{E54D0C16-7AAC-4E0D-802E-ECE3F1EFF1DA}.Debug|Any CPU.Build.0 = Debug|Any CPU
		{E54D0C16-7AAC-4E0D-802E-ECE3F1EFF1DA}.DEV|Any CPU.ActiveCfg = Debug|Any CPU
		{E54D0C16-7AAC-4E0D-802E-ECE3F1EFF1DA}.DEV|Any CPU.Build.0 = Debug|Any CPU
		{E54D0C16-7AAC-4E0D-802E-ECE3F1EFF1DA}.DevNT|Any CPU.ActiveCfg = DevNT|Any CPU
		{E54D0C16-7AAC-4E0D-802E-ECE3F1EFF1DA}.DevNT|Any CPU.Build.0 = DevNT|Any CPU
		{E54D0C16-7AAC-4E0D-802E-ECE3F1EFF1DA}.Local|Any CPU.ActiveCfg = Local|Any CPU
		{E54D0C16-7AAC-4E0D-802E-ECE3F1EFF1DA}.PRO|Any CPU.ActiveCfg = PRO|Any CPU
		{E54D0C16-7AAC-4E0D-802E-ECE3F1EFF1DA}.PRO|Any CPU.Build.0 = PRO|Any CPU
		{E54D0C16-7AAC-4E0D-802E-ECE3F1EFF1DA}.QA|Any CPU.ActiveCfg = Release|Any CPU
		{E54D0C16-7AAC-4E0D-802E-ECE3F1EFF1DA}.QA|Any CPU.Build.0 = Release|Any CPU
		{E54D0C16-7AAC-4E0D-802E-ECE3F1EFF1DA}.QA2|Any CPU.ActiveCfg = QA2|Any CPU
		{E54D0C16-7AAC-4E0D-802E-ECE3F1EFF1DA}.QA2|Any CPU.Build.0 = QA2|Any CPU
		{E54D0C16-7AAC-4E0D-802E-ECE3F1EFF1DA}.QA3|Any CPU.ActiveCfg = QA3|Any CPU
		{E54D0C16-7AAC-4E0D-802E-ECE3F1EFF1DA}.QA3|Any CPU.Build.0 = QA3|Any CPU
		{E54D0C16-7AAC-4E0D-802E-ECE3F1EFF1DA}.QA4|Any CPU.ActiveCfg = QA4|Any CPU
		{E54D0C16-7AAC-4E0D-802E-ECE3F1EFF1DA}.QA4|Any CPU.Build.0 = QA4|Any CPU
		{E54D0C16-7AAC-4E0D-802E-ECE3F1EFF1DA}.Release|Any CPU.ActiveCfg = Release|Any CPU
		{E54D0C16-7AAC-4E0D-802E-ECE3F1EFF1DA}.Release|Any CPU.Build.0 = Release|Any CPU
		{E54D0C16-7AAC-4E0D-802E-ECE3F1EFF1DA}.UAT|Any CPU.ActiveCfg = Release|Any CPU
		{E54D0C16-7AAC-4E0D-802E-ECE3F1EFF1DA}.UAT|Any CPU.Build.0 = Release|Any CPU
		{E54D0C16-7AAC-4E0D-802E-ECE3F1EFF1DA}.UatNT|Any CPU.ActiveCfg = UatNT|Any CPU
		{E54D0C16-7AAC-4E0D-802E-ECE3F1EFF1DA}.UatNT|Any CPU.Build.0 = UatNT|Any CPU
		{E54D0C16-7AAC-4E0D-802E-ECE3F1EFF1DA}.UATSGR|Any CPU.ActiveCfg = UATSGR|Any CPU
		{E54D0C16-7AAC-4E0D-802E-ECE3F1EFF1DA}.UATSGR|Any CPU.Build.0 = UATSGR|Any CPU
	EndGlobalSection
	GlobalSection(SolutionProperties) = preSolution
		HideSolutionNode = FALSE
	EndGlobalSection
	GlobalSection(ExtensibilityGlobals) = postSolution
		SolutionGuid = {78891C9D-3048-4F9F-B7B4-3C644C44BD5C}
	EndGlobalSection
EndGlobal
